
Microsoft Visual Studio Solution File, Format Version 12.00
# Visual Studio 15
VisualStudioVersion = 15.0.28010.2019
MinimumVisualStudioVersion = 10.0.40219.1
Project("{FAE04EC0-301F-11D3-BF4B-00C04F79EFBC}") = "p_01", "p_01\p_01.csproj", "{B9EC8D3C-291E-4304-BE2B-0C2E0027D8F2}"
EndProject
Project("{FAE04EC0-301F-11D3-BF4B-00C04F79EFBC}") = "p_02", "p_02\p_02.csproj", "{CD1B8C01-DCBD-49EB-AAF9-4749AC81F1EC}"
EndProject
Global
	GlobalSection(SolutionConfigurationPlatforms) = preSolution
		Debug|Any CPU = Debug|Any CPU
		Release|Any CPU = Release|Any CPU
	EndGlobalSection
	GlobalSection(ProjectConfigurationPlatforms) = postSolution
		{B9EC8D3C-291E-4304-BE2B-0C2E0027D8F2}.Debug|Any CPU.ActiveCfg = Debug|Any CPU
		{B9EC8D3C-291E-4304-BE2B-0C2E0027D8F2}.Debug|Any CPU.Build.0 = Debug|Any CPU
		{B9EC8D3C-291E-4304-BE2B-0C2E0027D8F2}.Release|Any CPU.ActiveCfg = Release|Any CPU
		{B9EC8D3C-291E-4304-BE2B-0C2E0027D8F2}.Release|Any CPU.Build.0 = Release|Any CPU
		{CD1B8C01-DCBD-49EB-AAF9-4749AC81F1EC}.Debug|Any CPU.ActiveCfg = Debug|Any CPU
		{CD1B8C01-DCBD-49EB-AAF9-4749AC81F1EC}.Debug|Any CPU.Build.0 = Debug|Any CPU
		{CD1B8C01-DCBD-49EB-AAF9-4749AC81F1EC}.Release|Any CPU.ActiveCfg = Release|Any CPU
		{CD1B8C01-DCBD-49EB-AAF9-4749AC81F1EC}.Release|Any CPU.Build.0 = Release|Any CPU
	EndGlobalSection
	GlobalSection(SolutionProperties) = preSolution
		HideSolutionNode = FALSE
	EndGlobalSection
	GlobalSection(ExtensibilityGlobals) = postSolution
		SolutionGuid = {3B1AC614-A7C4-4BE1-A85E-CF4A2E733085}
	EndGlobalSection
EndGlobal
