
Microsoft Visual Studio Solution File, Format Version 12.00
# Visual Studio Version 16
VisualStudioVersion = 16.0.30804.86
MinimumVisualStudioVersion = 10.0.40219.1
Project("{9A19103F-16F7-4668-BE54-9A1E7A4F7556}") = "Vehicles", "Vehicles.csproj", "{50623135-A6D5-4B65-BC09-3A659F41007F}"
EndProject
Global
	GlobalSection(SolutionConfigurationPlatforms) = preSolution
		Debug|Any CPU = Debug|Any CPU
		Release|Any CPU = Release|Any CPU
	EndGlobalSection
	GlobalSection(ProjectConfigurationPlatforms) = postSolution
		{50623135-A6D5-4B65-BC09-3A659F41007F}.Debug|Any CPU.ActiveCfg = Debug|Any CPU
		{50623135-A6D5-4B65-BC09-3A659F41007F}.Debug|Any CPU.Build.0 = Debug|Any CPU
		{50623135-A6D5-4B65-BC09-3A659F41007F}.Release|Any CPU.ActiveCfg = Release|Any CPU
		{50623135-A6D5-4B65-BC09-3A659F41007F}.Release|Any CPU.Build.0 = Release|Any CPU
	EndGlobalSection
	GlobalSection(SolutionProperties) = preSolution
		HideSolutionNode = FALSE
	EndGlobalSection
	GlobalSection(ExtensibilityGlobals) = postSolution
		SolutionGuid = {3F1771D8-FA2E-4B89-8D2C-48C754CB83AA}
	EndGlobalSection
EndGlobal
