
Microsoft Visual Studio Solution File, Format Version 12.00
# Visual Studio 15
VisualStudioVersion = 15.0.28010.2050
MinimumVisualStudioVersion = 10.0.40219.1
Project("{FAE04EC0-301F-11D3-BF4B-00C04F79EFBC}") = "CarManufacturer", "CarManufacturer\CarManufacturer.csproj", "{31F98023-6F97-4D91-B486-1E0B7332095B}"
EndProject
Global
	GlobalSection(SolutionConfigurationPlatforms) = preSolution
		Debug|Any CPU = Debug|Any CPU
		Release|Any CPU = Release|Any CPU
	EndGlobalSection
	GlobalSection(ProjectConfigurationPlatforms) = postSolution
		{31F98023-6F97-4D91-B486-1E0B7332095B}.Debug|Any CPU.ActiveCfg = Debug|Any CPU
		{31F98023-6F97-4D91-B486-1E0B7332095B}.Debug|Any CPU.Build.0 = Debug|Any CPU
		{31F98023-6F97-4D91-B486-1E0B7332095B}.Release|Any CPU.ActiveCfg = Release|Any CPU
		{31F98023-6F97-4D91-B486-1E0B7332095B}.Release|Any CPU.Build.0 = Release|Any CPU
	EndGlobalSection
	GlobalSection(SolutionProperties) = preSolution
		HideSolutionNode = FALSE
	EndGlobalSection
	GlobalSection(ExtensibilityGlobals) = postSolution
		SolutionGuid = {CDFD4632-4497-47A3-AB77-E9D8C330C71C}
	EndGlobalSection
EndGlobal
