
Microsoft Visual Studio Solution File, Format Version 12.00
# Visual Studio 15
VisualStudioVersion = 15.0.28010.2019
MinimumVisualStudioVersion = 10.0.40219.1
Project("{FAE04EC0-301F-11D3-BF4B-00C04F79EFBC}") = "01.DayOfWeek", "01.DayOfWeek\01.DayOfWeek.csproj", "{3FA6436C-781A-4A3E-82DA-E547C0031A9E}"
EndProject
Project("{FAE04EC0-301F-11D3-BF4B-00C04F79EFBC}") = "02.RandomizeWords", "02.RandomizeWords\02.RandomizeWords.csproj", "{A6035CDE-2E5F-48DA-B469-204B50EF3A51}"
EndProject
Project("{FAE04EC0-301F-11D3-BF4B-00C04F79EFBC}") = "03.BigFactorial", "03.BigFactorial\03.BigFactorial.csproj", "{4756389F-79E2-411D-AE9F-FAAE9A435DB6}"
EndProject
Project("{FAE04EC0-301F-11D3-BF4B-00C04F79EFBC}") = "04.Songs", "04.Songs\04.Songs.csproj", "{877E3DE6-0348-4A57-9107-F84C6519101E}"
EndProject
Project("{9A19103F-16F7-4668-BE54-9A1E7A4F7556}") = "05.Students", "05.Students\05.Students.csproj", "{9509AAEE-0EAD-4094-9C74-7BEE921152B2}"
EndProject
Project("{FAE04EC0-301F-11D3-BF4B-00C04F79EFBC}") = "06.Students2.0", "06.Students2.0\06.Students2.0.csproj", "{0A04DAA6-E84D-4723-9DCA-3716974A2645}"
EndProject
Project("{FAE04EC0-301F-11D3-BF4B-00C04F79EFBC}") = "07.StoreBoxes", "07.StoreBoxes\07.StoreBoxes.csproj", "{D1CD3B5B-474B-4F8C-A341-BA25B25B2EA2}"
EndProject
Project("{FAE04EC0-301F-11D3-BF4B-00C04F79EFBC}") = "08.VehicleCatalogue", "08.VehicleCatalogue\08.VehicleCatalogue.csproj", "{0F3B7D48-9D6D-4D0B-8B6B-04BDFA8E5913}"
EndProject
Global
	GlobalSection(SolutionConfigurationPlatforms) = preSolution
		Debug|Any CPU = Debug|Any CPU
		Release|Any CPU = Release|Any CPU
	EndGlobalSection
	GlobalSection(ProjectConfigurationPlatforms) = postSolution
		{3FA6436C-781A-4A3E-82DA-E547C0031A9E}.Debug|Any CPU.ActiveCfg = Debug|Any CPU
		{3FA6436C-781A-4A3E-82DA-E547C0031A9E}.Debug|Any CPU.Build.0 = Debug|Any CPU
		{3FA6436C-781A-4A3E-82DA-E547C0031A9E}.Release|Any CPU.ActiveCfg = Release|Any CPU
		{3FA6436C-781A-4A3E-82DA-E547C0031A9E}.Release|Any CPU.Build.0 = Release|Any CPU
		{A6035CDE-2E5F-48DA-B469-204B50EF3A51}.Debug|Any CPU.ActiveCfg = Debug|Any CPU
		{A6035CDE-2E5F-48DA-B469-204B50EF3A51}.Debug|Any CPU.Build.0 = Debug|Any CPU
		{A6035CDE-2E5F-48DA-B469-204B50EF3A51}.Release|Any CPU.ActiveCfg = Release|Any CPU
		{A6035CDE-2E5F-48DA-B469-204B50EF3A51}.Release|Any CPU.Build.0 = Release|Any CPU
		{4756389F-79E2-411D-AE9F-FAAE9A435DB6}.Debug|Any CPU.ActiveCfg = Debug|Any CPU
		{4756389F-79E2-411D-AE9F-FAAE9A435DB6}.Debug|Any CPU.Build.0 = Debug|Any CPU
		{4756389F-79E2-411D-AE9F-FAAE9A435DB6}.Release|Any CPU.ActiveCfg = Release|Any CPU
		{4756389F-79E2-411D-AE9F-FAAE9A435DB6}.Release|Any CPU.Build.0 = Release|Any CPU
		{877E3DE6-0348-4A57-9107-F84C6519101E}.Debug|Any CPU.ActiveCfg = Debug|Any CPU
		{877E3DE6-0348-4A57-9107-F84C6519101E}.Debug|Any CPU.Build.0 = Debug|Any CPU
		{877E3DE6-0348-4A57-9107-F84C6519101E}.Release|Any CPU.ActiveCfg = Release|Any CPU
		{877E3DE6-0348-4A57-9107-F84C6519101E}.Release|Any CPU.Build.0 = Release|Any CPU
		{9509AAEE-0EAD-4094-9C74-7BEE921152B2}.Debug|Any CPU.ActiveCfg = Debug|Any CPU
		{9509AAEE-0EAD-4094-9C74-7BEE921152B2}.Debug|Any CPU.Build.0 = Debug|Any CPU
		{9509AAEE-0EAD-4094-9C74-7BEE921152B2}.Release|Any CPU.ActiveCfg = Release|Any CPU
		{9509AAEE-0EAD-4094-9C74-7BEE921152B2}.Release|Any CPU.Build.0 = Release|Any CPU
		{0A04DAA6-E84D-4723-9DCA-3716974A2645}.Debug|Any CPU.ActiveCfg = Debug|Any CPU
		{0A04DAA6-E84D-4723-9DCA-3716974A2645}.Debug|Any CPU.Build.0 = Debug|Any CPU
		{0A04DAA6-E84D-4723-9DCA-3716974A2645}.Release|Any CPU.ActiveCfg = Release|Any CPU
		{0A04DAA6-E84D-4723-9DCA-3716974A2645}.Release|Any CPU.Build.0 = Release|Any CPU
		{D1CD3B5B-474B-4F8C-A341-BA25B25B2EA2}.Debug|Any CPU.ActiveCfg = Debug|Any CPU
		{D1CD3B5B-474B-4F8C-A341-BA25B25B2EA2}.Debug|Any CPU.Build.0 = Debug|Any CPU
		{D1CD3B5B-474B-4F8C-A341-BA25B25B2EA2}.Release|Any CPU.ActiveCfg = Release|Any CPU
		{D1CD3B5B-474B-4F8C-A341-BA25B25B2EA2}.Release|Any CPU.Build.0 = Release|Any CPU
		{0F3B7D48-9D6D-4D0B-8B6B-04BDFA8E5913}.Debug|Any CPU.ActiveCfg = Debug|Any CPU
		{0F3B7D48-9D6D-4D0B-8B6B-04BDFA8E5913}.Debug|Any CPU.Build.0 = Debug|Any CPU
		{0F3B7D48-9D6D-4D0B-8B6B-04BDFA8E5913}.Release|Any CPU.ActiveCfg = Release|Any CPU
		{0F3B7D48-9D6D-4D0B-8B6B-04BDFA8E5913}.Release|Any CPU.Build.0 = Release|Any CPU
	EndGlobalSection
	GlobalSection(SolutionProperties) = preSolution
		HideSolutionNode = FALSE
	EndGlobalSection
	GlobalSection(ExtensibilityGlobals) = postSolution
		SolutionGuid = {A13F503F-6D4A-4B5C-89FD-9DE125CF2227}
	EndGlobalSection
EndGlobal
