
Microsoft Visual Studio Solution File, Format Version 12.00
# Visual Studio Version 16
VisualStudioVersion = 16.0.30523.141
MinimumVisualStudioVersion = 10.0.40219.1
Project("{FAE04EC0-301F-11D3-BF4B-00C04F79EFBC}") = "Logger", "Logger\Logger.csproj", "{CAFD753A-31D8-421E-B8EB-DB5F0FE06C7D}"
EndProject
Global
	GlobalSection(SolutionConfigurationPlatforms) = preSolution
		Debug|Any CPU = Debug|Any CPU
		Release|Any CPU = Release|Any CPU
	EndGlobalSection
	GlobalSection(ProjectConfigurationPlatforms) = postSolution
		{CAFD753A-31D8-421E-B8EB-DB5F0FE06C7D}.Debug|Any CPU.ActiveCfg = Debug|Any CPU
		{CAFD753A-31D8-421E-B8EB-DB5F0FE06C7D}.Debug|Any CPU.Build.0 = Debug|Any CPU
		{CAFD753A-31D8-421E-B8EB-DB5F0FE06C7D}.Release|Any CPU.ActiveCfg = Release|Any CPU
		{CAFD753A-31D8-421E-B8EB-DB5F0FE06C7D}.Release|Any CPU.Build.0 = Release|Any CPU
	EndGlobalSection
	GlobalSection(SolutionProperties) = preSolution
		HideSolutionNode = FALSE
	EndGlobalSection
	GlobalSection(ExtensibilityGlobals) = postSolution
		SolutionGuid = {AF539AC3-FD1E-4F32-803C-0FDFC398515E}
	EndGlobalSection
EndGlobal
