
Microsoft Visual Studio Solution File, Format Version 12.00
# Visual Studio 15
VisualStudioVersion = 15.0.28010.2016
MinimumVisualStudioVersion = 10.0.40219.1
Project("{FAE04EC0-301F-11D3-BF4B-00C04F79EFBC}") = "ToDoList", "ToDoList\ToDoList.csproj", "{3F7573D2-F97D-46FB-81C4-EC2A5CB5D310}"
EndProject
Global
	GlobalSection(SolutionConfigurationPlatforms) = preSolution
		Debug|Any CPU = Debug|Any CPU
		Release|Any CPU = Release|Any CPU
	EndGlobalSection
	GlobalSection(ProjectConfigurationPlatforms) = postSolution
		{3F7573D2-F97D-46FB-81C4-EC2A5CB5D310}.Debug|Any CPU.ActiveCfg = Debug|Any CPU
		{3F7573D2-F97D-46FB-81C4-EC2A5CB5D310}.Debug|Any CPU.Build.0 = Debug|Any CPU
		{3F7573D2-F97D-46FB-81C4-EC2A5CB5D310}.Release|Any CPU.ActiveCfg = Release|Any CPU
		{3F7573D2-F97D-46FB-81C4-EC2A5CB5D310}.Release|Any CPU.Build.0 = Release|Any CPU
	EndGlobalSection
	GlobalSection(SolutionProperties) = preSolution
		HideSolutionNode = FALSE
	EndGlobalSection
	GlobalSection(ExtensibilityGlobals) = postSolution
		SolutionGuid = {CE24152C-D557-4FCD-B1C3-DF22FD5FCAE8}
	EndGlobalSection
EndGlobal
