
Microsoft Visual Studio Solution File, Format Version 12.00
# Visual Studio 15
VisualStudioVersion = 15.0.28010.2050
MinimumVisualStudioVersion = 10.0.40219.1
Project("{FAE04EC0-301F-11D3-BF4B-00C04F79EFBC}") = "Manchester United", "Manchester United\Manchester United.csproj", "{BC3243C5-54B3-43B2-9DCC-8F5DB8009129}"
EndProject
Global
	GlobalSection(SolutionConfigurationPlatforms) = preSolution
		Debug|Any CPU = Debug|Any CPU
		Release|Any CPU = Release|Any CPU
	EndGlobalSection
	GlobalSection(ProjectConfigurationPlatforms) = postSolution
		{BC3243C5-54B3-43B2-9DCC-8F5DB8009129}.Debug|Any CPU.ActiveCfg = Debug|Any CPU
		{BC3243C5-54B3-43B2-9DCC-8F5DB8009129}.Debug|Any CPU.Build.0 = Debug|Any CPU
		{BC3243C5-54B3-43B2-9DCC-8F5DB8009129}.Release|Any CPU.ActiveCfg = Release|Any CPU
		{BC3243C5-54B3-43B2-9DCC-8F5DB8009129}.Release|Any CPU.Build.0 = Release|Any CPU
	EndGlobalSection
	GlobalSection(SolutionProperties) = preSolution
		HideSolutionNode = FALSE
	EndGlobalSection
	GlobalSection(ExtensibilityGlobals) = postSolution
		SolutionGuid = {97A6B4F9-9292-43E7-9CFE-08C203AB5BFF}
	EndGlobalSection
EndGlobal
