
Microsoft Visual Studio Solution File, Format Version 12.00
# Visual Studio Version 16
VisualStudioVersion = 16.0.30907.101
MinimumVisualStudioVersion = 10.0.40219.1
Project("{FAE04EC0-301F-11D3-BF4B-00C04F79EFBC}") = "Demo", "Demo\Demo.csproj", "{1DDE75EE-7EC0-41B0-B4EF-546C4B829D24}"
EndProject
Global
	GlobalSection(SolutionConfigurationPlatforms) = preSolution
		Debug|Any CPU = Debug|Any CPU
		Release|Any CPU = Release|Any CPU
	EndGlobalSection
	GlobalSection(ProjectConfigurationPlatforms) = postSolution
		{1DDE75EE-7EC0-41B0-B4EF-546C4B829D24}.Debug|Any CPU.ActiveCfg = Debug|Any CPU
		{1DDE75EE-7EC0-41B0-B4EF-546C4B829D24}.Debug|Any CPU.Build.0 = Debug|Any CPU
		{1DDE75EE-7EC0-41B0-B4EF-546C4B829D24}.Release|Any CPU.ActiveCfg = Release|Any CPU
		{1DDE75EE-7EC0-41B0-B4EF-546C4B829D24}.Release|Any CPU.Build.0 = Release|Any CPU
	EndGlobalSection
	GlobalSection(SolutionProperties) = preSolution
		HideSolutionNode = FALSE
	EndGlobalSection
	GlobalSection(ExtensibilityGlobals) = postSolution
		SolutionGuid = {F6C09D50-BE6C-4104-970D-80B998FB4C7B}
	EndGlobalSection
EndGlobal
