
Microsoft Visual Studio Solution File, Format Version 12.00
# Visual Studio 15
VisualStudioVersion = 15.0.28010.2050
MinimumVisualStudioVersion = 10.0.40219.1
Project("{9A19103F-16F7-4668-BE54-9A1E7A4F7556}") = "01.ActionPoint", "01.ActionPoint\01.ActionPoint.csproj", "{DDC7F7DE-8BC7-4179-9A4D-0140D822AB7F}"
EndProject
Project("{FAE04EC0-301F-11D3-BF4B-00C04F79EFBC}") = "02.KnightsОfHonor", "02.KnightsОfHonor\02.KnightsОfHonor.csproj", "{408E0B81-A5D7-48E9-9E7B-1C8CD34C2E6D}"
EndProject
Project("{FAE04EC0-301F-11D3-BF4B-00C04F79EFBC}") = "03.CustomMinFunction", "03.CustomMinFunction\03.CustomMinFunction.csproj", "{FB4F672D-43C5-4A2E-BD60-F562D96AED7A}"
EndProject
Project("{FAE04EC0-301F-11D3-BF4B-00C04F79EFBC}") = "04.FindEvensOrOdds", "04.FindEvensOrOdds\04.FindEvensOrOdds.csproj", "{F5A5F094-792A-4B9C-AE99-3E715F977711}"
EndProject
Project("{FAE04EC0-301F-11D3-BF4B-00C04F79EFBC}") = "05.AppliedArithmetics", "05.AppliedArithmetics\05.AppliedArithmetics.csproj", "{FFF93038-13E0-4150-B79E-5937A260114F}"
EndProject
Project("{FAE04EC0-301F-11D3-BF4B-00C04F79EFBC}") = "06.ReverseAndExclude", "06.ReverseAndExclude\06.ReverseAndExclude.csproj", "{AE45632F-6474-4FEE-8F66-D4AAACAD8B3A}"
EndProject
Project("{FAE04EC0-301F-11D3-BF4B-00C04F79EFBC}") = "07.PredicateForNames", "07.PredicateForNames\07.PredicateForNames.csproj", "{179646CD-6A07-41B6-AC3B-1A9366939B30}"
EndProject
Project("{FAE04EC0-301F-11D3-BF4B-00C04F79EFBC}") = "08.CustomComparator", "08.CustomComparator\08.CustomComparator.csproj", "{95E2EF96-2580-4EB0-AC93-DFB2F0EE46B8}"
EndProject
Project("{FAE04EC0-301F-11D3-BF4B-00C04F79EFBC}") = "09.ListOfPredicates", "09.ListOfPredicates\09.ListOfPredicates.csproj", "{E4FB1E40-3518-4076-8AF1-184941E47401}"
EndProject
Project("{FAE04EC0-301F-11D3-BF4B-00C04F79EFBC}") = "10.PredicateParty!", "10.PredicateParty!\10.PredicateParty!.csproj", "{57B0E65E-2C57-4225-AF11-4CBB975BE6BD}"
EndProject
Project("{FAE04EC0-301F-11D3-BF4B-00C04F79EFBC}") = "11.ThePartyReservationFilterModule", "11.ThePartyReservationFilterModule\11.ThePartyReservationFilterModule.csproj", "{36159A8F-004D-40EE-B0AB-9040FC18C271}"
EndProject
Project("{FAE04EC0-301F-11D3-BF4B-00C04F79EFBC}") = "12.InfernoIII", "12.InfernoIII\12.InfernoIII.csproj", "{3C70D2B3-DC8B-40D9-B45E-9BD6A5AED317}"
EndProject
Project("{FAE04EC0-301F-11D3-BF4B-00C04F79EFBC}") = "13.TriFunction", "13.TriFunction\13.TriFunction.csproj", "{4B8E70FF-6F63-4980-B743-5FED81B2641C}"
EndProject
Global
	GlobalSection(SolutionConfigurationPlatforms) = preSolution
		Debug|Any CPU = Debug|Any CPU
		Release|Any CPU = Release|Any CPU
	EndGlobalSection
	GlobalSection(ProjectConfigurationPlatforms) = postSolution
		{DDC7F7DE-8BC7-4179-9A4D-0140D822AB7F}.Debug|Any CPU.ActiveCfg = Debug|Any CPU
		{DDC7F7DE-8BC7-4179-9A4D-0140D822AB7F}.Debug|Any CPU.Build.0 = Debug|Any CPU
		{DDC7F7DE-8BC7-4179-9A4D-0140D822AB7F}.Release|Any CPU.ActiveCfg = Release|Any CPU
		{DDC7F7DE-8BC7-4179-9A4D-0140D822AB7F}.Release|Any CPU.Build.0 = Release|Any CPU
		{408E0B81-A5D7-48E9-9E7B-1C8CD34C2E6D}.Debug|Any CPU.ActiveCfg = Debug|Any CPU
		{408E0B81-A5D7-48E9-9E7B-1C8CD34C2E6D}.Debug|Any CPU.Build.0 = Debug|Any CPU
		{408E0B81-A5D7-48E9-9E7B-1C8CD34C2E6D}.Release|Any CPU.ActiveCfg = Release|Any CPU
		{408E0B81-A5D7-48E9-9E7B-1C8CD34C2E6D}.Release|Any CPU.Build.0 = Release|Any CPU
		{FB4F672D-43C5-4A2E-BD60-F562D96AED7A}.Debug|Any CPU.ActiveCfg = Debug|Any CPU
		{FB4F672D-43C5-4A2E-BD60-F562D96AED7A}.Debug|Any CPU.Build.0 = Debug|Any CPU
		{FB4F672D-43C5-4A2E-BD60-F562D96AED7A}.Release|Any CPU.ActiveCfg = Release|Any CPU
		{FB4F672D-43C5-4A2E-BD60-F562D96AED7A}.Release|Any CPU.Build.0 = Release|Any CPU
		{F5A5F094-792A-4B9C-AE99-3E715F977711}.Debug|Any CPU.ActiveCfg = Debug|Any CPU
		{F5A5F094-792A-4B9C-AE99-3E715F977711}.Debug|Any CPU.Build.0 = Debug|Any CPU
		{F5A5F094-792A-4B9C-AE99-3E715F977711}.Release|Any CPU.ActiveCfg = Release|Any CPU
		{F5A5F094-792A-4B9C-AE99-3E715F977711}.Release|Any CPU.Build.0 = Release|Any CPU
		{FFF93038-13E0-4150-B79E-5937A260114F}.Debug|Any CPU.ActiveCfg = Debug|Any CPU
		{FFF93038-13E0-4150-B79E-5937A260114F}.Debug|Any CPU.Build.0 = Debug|Any CPU
		{FFF93038-13E0-4150-B79E-5937A260114F}.Release|Any CPU.ActiveCfg = Release|Any CPU
		{FFF93038-13E0-4150-B79E-5937A260114F}.Release|Any CPU.Build.0 = Release|Any CPU
		{AE45632F-6474-4FEE-8F66-D4AAACAD8B3A}.Debug|Any CPU.ActiveCfg = Debug|Any CPU
		{AE45632F-6474-4FEE-8F66-D4AAACAD8B3A}.Debug|Any CPU.Build.0 = Debug|Any CPU
		{AE45632F-6474-4FEE-8F66-D4AAACAD8B3A}.Release|Any CPU.ActiveCfg = Release|Any CPU
		{AE45632F-6474-4FEE-8F66-D4AAACAD8B3A}.Release|Any CPU.Build.0 = Release|Any CPU
		{179646CD-6A07-41B6-AC3B-1A9366939B30}.Debug|Any CPU.ActiveCfg = Debug|Any CPU
		{179646CD-6A07-41B6-AC3B-1A9366939B30}.Debug|Any CPU.Build.0 = Debug|Any CPU
		{179646CD-6A07-41B6-AC3B-1A9366939B30}.Release|Any CPU.ActiveCfg = Release|Any CPU
		{179646CD-6A07-41B6-AC3B-1A9366939B30}.Release|Any CPU.Build.0 = Release|Any CPU
		{95E2EF96-2580-4EB0-AC93-DFB2F0EE46B8}.Debug|Any CPU.ActiveCfg = Debug|Any CPU
		{95E2EF96-2580-4EB0-AC93-DFB2F0EE46B8}.Debug|Any CPU.Build.0 = Debug|Any CPU
		{95E2EF96-2580-4EB0-AC93-DFB2F0EE46B8}.Release|Any CPU.ActiveCfg = Release|Any CPU
		{95E2EF96-2580-4EB0-AC93-DFB2F0EE46B8}.Release|Any CPU.Build.0 = Release|Any CPU
		{E4FB1E40-3518-4076-8AF1-184941E47401}.Debug|Any CPU.ActiveCfg = Debug|Any CPU
		{E4FB1E40-3518-4076-8AF1-184941E47401}.Debug|Any CPU.Build.0 = Debug|Any CPU
		{E4FB1E40-3518-4076-8AF1-184941E47401}.Release|Any CPU.ActiveCfg = Release|Any CPU
		{E4FB1E40-3518-4076-8AF1-184941E47401}.Release|Any CPU.Build.0 = Release|Any CPU
		{57B0E65E-2C57-4225-AF11-4CBB975BE6BD}.Debug|Any CPU.ActiveCfg = Debug|Any CPU
		{57B0E65E-2C57-4225-AF11-4CBB975BE6BD}.Debug|Any CPU.Build.0 = Debug|Any CPU
		{57B0E65E-2C57-4225-AF11-4CBB975BE6BD}.Release|Any CPU.ActiveCfg = Release|Any CPU
		{57B0E65E-2C57-4225-AF11-4CBB975BE6BD}.Release|Any CPU.Build.0 = Release|Any CPU
		{36159A8F-004D-40EE-B0AB-9040FC18C271}.Debug|Any CPU.ActiveCfg = Debug|Any CPU
		{36159A8F-004D-40EE-B0AB-9040FC18C271}.Debug|Any CPU.Build.0 = Debug|Any CPU
		{36159A8F-004D-40EE-B0AB-9040FC18C271}.Release|Any CPU.ActiveCfg = Release|Any CPU
		{36159A8F-004D-40EE-B0AB-9040FC18C271}.Release|Any CPU.Build.0 = Release|Any CPU
		{3C70D2B3-DC8B-40D9-B45E-9BD6A5AED317}.Debug|Any CPU.ActiveCfg = Debug|Any CPU
		{3C70D2B3-DC8B-40D9-B45E-9BD6A5AED317}.Debug|Any CPU.Build.0 = Debug|Any CPU
		{3C70D2B3-DC8B-40D9-B45E-9BD6A5AED317}.Release|Any CPU.ActiveCfg = Release|Any CPU
		{3C70D2B3-DC8B-40D9-B45E-9BD6A5AED317}.Release|Any CPU.Build.0 = Release|Any CPU
		{4B8E70FF-6F63-4980-B743-5FED81B2641C}.Debug|Any CPU.ActiveCfg = Debug|Any CPU
		{4B8E70FF-6F63-4980-B743-5FED81B2641C}.Debug|Any CPU.Build.0 = Debug|Any CPU
		{4B8E70FF-6F63-4980-B743-5FED81B2641C}.Release|Any CPU.ActiveCfg = Release|Any CPU
		{4B8E70FF-6F63-4980-B743-5FED81B2641C}.Release|Any CPU.Build.0 = Release|Any CPU
	EndGlobalSection
	GlobalSection(SolutionProperties) = preSolution
		HideSolutionNode = FALSE
	EndGlobalSection
	GlobalSection(ExtensibilityGlobals) = postSolution
		SolutionGuid = {AC3BF62F-AAAF-42F9-B773-95CB79D48B9E}
	EndGlobalSection
EndGlobal
