
Microsoft Visual Studio Solution File, Format Version 12.00
# Visual Studio 15
VisualStudioVersion = 15.0.28010.2019
MinimumVisualStudioVersion = 10.0.40219.1
Project("{FAE04EC0-301F-11D3-BF4B-00C04F79EFBC}") = "p_01", "p_01\p_01.csproj", "{5C3C1DA6-2DAF-4C3C-B7CA-0FBB188DF42B}"
EndProject
Project("{FAE04EC0-301F-11D3-BF4B-00C04F79EFBC}") = "p_02", "p_02\p_02.csproj", "{61D4DFD5-7E74-43A8-9C83-011AB8787952}"
EndProject
Project("{FAE04EC0-301F-11D3-BF4B-00C04F79EFBC}") = "p_04", "p_04\p_04.csproj", "{54CA412A-C0CC-42A7-A892-B619343B5DCF}"
EndProject
Global
	GlobalSection(SolutionConfigurationPlatforms) = preSolution
		Debug|Any CPU = Debug|Any CPU
		Release|Any CPU = Release|Any CPU
	EndGlobalSection
	GlobalSection(ProjectConfigurationPlatforms) = postSolution
		{5C3C1DA6-2DAF-4C3C-B7CA-0FBB188DF42B}.Debug|Any CPU.ActiveCfg = Debug|Any CPU
		{5C3C1DA6-2DAF-4C3C-B7CA-0FBB188DF42B}.Debug|Any CPU.Build.0 = Debug|Any CPU
		{5C3C1DA6-2DAF-4C3C-B7CA-0FBB188DF42B}.Release|Any CPU.ActiveCfg = Release|Any CPU
		{5C3C1DA6-2DAF-4C3C-B7CA-0FBB188DF42B}.Release|Any CPU.Build.0 = Release|Any CPU
		{61D4DFD5-7E74-43A8-9C83-011AB8787952}.Debug|Any CPU.ActiveCfg = Debug|Any CPU
		{61D4DFD5-7E74-43A8-9C83-011AB8787952}.Debug|Any CPU.Build.0 = Debug|Any CPU
		{61D4DFD5-7E74-43A8-9C83-011AB8787952}.Release|Any CPU.ActiveCfg = Release|Any CPU
		{61D4DFD5-7E74-43A8-9C83-011AB8787952}.Release|Any CPU.Build.0 = Release|Any CPU
		{54CA412A-C0CC-42A7-A892-B619343B5DCF}.Debug|Any CPU.ActiveCfg = Debug|Any CPU
		{54CA412A-C0CC-42A7-A892-B619343B5DCF}.Debug|Any CPU.Build.0 = Debug|Any CPU
		{54CA412A-C0CC-42A7-A892-B619343B5DCF}.Release|Any CPU.ActiveCfg = Release|Any CPU
		{54CA412A-C0CC-42A7-A892-B619343B5DCF}.Release|Any CPU.Build.0 = Release|Any CPU
	EndGlobalSection
	GlobalSection(SolutionProperties) = preSolution
		HideSolutionNode = FALSE
	EndGlobalSection
	GlobalSection(ExtensibilityGlobals) = postSolution
		SolutionGuid = {CA10357F-5AF8-4D1A-92B8-1C5DEFE3EAD0}
	EndGlobalSection
EndGlobal
