
Microsoft Visual Studio Solution File, Format Version 12.00
# Visual Studio Version 16
VisualStudioVersion = 16.0.30413.136
MinimumVisualStudioVersion = 10.0.40219.1
Project("{9A19103F-16F7-4668-BE54-9A1E7A4F7556}") = "01-Solution", "Resources\01. Odd Lines\01-Solution\01-Solution.csproj", "{FF3EBA38-96AC-4138-BC39-7059DDC735DE}"
EndProject
Project("{9A19103F-16F7-4668-BE54-9A1E7A4F7556}") = "02-Solution", "Resources\02. Line Numbers\02-Solution\02-Solution.csproj", "{CE4B8A09-26F5-43CD-A5C1-BA0FFBA8EE79}"
EndProject
Project("{9A19103F-16F7-4668-BE54-9A1E7A4F7556}") = "03-Solution", "Resources\03. Word Count\03-Solution\03-Solution.csproj", "{51340002-96EF-4C13-8C90-951EA40B33B3}"
EndProject
Project("{9A19103F-16F7-4668-BE54-9A1E7A4F7556}") = "04-Solution", "Resources\04. Merge Files\04-Solution\04-Solution.csproj", "{435C2624-7466-434A-A35C-B091364DA0C8}"
EndProject
Project("{9A19103F-16F7-4668-BE54-9A1E7A4F7556}") = "05-Solution", "Resources\05. Slice File\05-Solution\05-Solution.csproj", "{EFC60881-B5DF-4710-AE1D-784B33918F22}"
EndProject
Project("{FAE04EC0-301F-11D3-BF4B-00C04F79EFBC}") = "06-Solution", "Resources\06. Folder Size\06-Solution\06-Solution.csproj", "{302F820F-7C5D-46DC-94E3-109057D2E625}"
EndProject
Global
	GlobalSection(SolutionConfigurationPlatforms) = preSolution
		Debug|Any CPU = Debug|Any CPU
		Release|Any CPU = Release|Any CPU
	EndGlobalSection
	GlobalSection(ProjectConfigurationPlatforms) = postSolution
		{FF3EBA38-96AC-4138-BC39-7059DDC735DE}.Debug|Any CPU.ActiveCfg = Debug|Any CPU
		{FF3EBA38-96AC-4138-BC39-7059DDC735DE}.Debug|Any CPU.Build.0 = Debug|Any CPU
		{FF3EBA38-96AC-4138-BC39-7059DDC735DE}.Release|Any CPU.ActiveCfg = Release|Any CPU
		{FF3EBA38-96AC-4138-BC39-7059DDC735DE}.Release|Any CPU.Build.0 = Release|Any CPU
		{CE4B8A09-26F5-43CD-A5C1-BA0FFBA8EE79}.Debug|Any CPU.ActiveCfg = Debug|Any CPU
		{CE4B8A09-26F5-43CD-A5C1-BA0FFBA8EE79}.Debug|Any CPU.Build.0 = Debug|Any CPU
		{CE4B8A09-26F5-43CD-A5C1-BA0FFBA8EE79}.Release|Any CPU.ActiveCfg = Release|Any CPU
		{CE4B8A09-26F5-43CD-A5C1-BA0FFBA8EE79}.Release|Any CPU.Build.0 = Release|Any CPU
		{51340002-96EF-4C13-8C90-951EA40B33B3}.Debug|Any CPU.ActiveCfg = Debug|Any CPU
		{51340002-96EF-4C13-8C90-951EA40B33B3}.Debug|Any CPU.Build.0 = Debug|Any CPU
		{51340002-96EF-4C13-8C90-951EA40B33B3}.Release|Any CPU.ActiveCfg = Release|Any CPU
		{51340002-96EF-4C13-8C90-951EA40B33B3}.Release|Any CPU.Build.0 = Release|Any CPU
		{435C2624-7466-434A-A35C-B091364DA0C8}.Debug|Any CPU.ActiveCfg = Debug|Any CPU
		{435C2624-7466-434A-A35C-B091364DA0C8}.Debug|Any CPU.Build.0 = Debug|Any CPU
		{435C2624-7466-434A-A35C-B091364DA0C8}.Release|Any CPU.ActiveCfg = Release|Any CPU
		{435C2624-7466-434A-A35C-B091364DA0C8}.Release|Any CPU.Build.0 = Release|Any CPU
		{EFC60881-B5DF-4710-AE1D-784B33918F22}.Debug|Any CPU.ActiveCfg = Debug|Any CPU
		{EFC60881-B5DF-4710-AE1D-784B33918F22}.Debug|Any CPU.Build.0 = Debug|Any CPU
		{EFC60881-B5DF-4710-AE1D-784B33918F22}.Release|Any CPU.ActiveCfg = Release|Any CPU
		{EFC60881-B5DF-4710-AE1D-784B33918F22}.Release|Any CPU.Build.0 = Release|Any CPU
		{302F820F-7C5D-46DC-94E3-109057D2E625}.Debug|Any CPU.ActiveCfg = Debug|Any CPU
		{302F820F-7C5D-46DC-94E3-109057D2E625}.Debug|Any CPU.Build.0 = Debug|Any CPU
		{302F820F-7C5D-46DC-94E3-109057D2E625}.Release|Any CPU.ActiveCfg = Release|Any CPU
		{302F820F-7C5D-46DC-94E3-109057D2E625}.Release|Any CPU.Build.0 = Release|Any CPU
	EndGlobalSection
	GlobalSection(SolutionProperties) = preSolution
		HideSolutionNode = FALSE
	EndGlobalSection
	GlobalSection(ExtensibilityGlobals) = postSolution
		SolutionGuid = {C4E95051-7944-4771-9774-F191CD44C95C}
	EndGlobalSection
EndGlobal
