
Microsoft Visual Studio Solution File, Format Version 12.00
# Visual Studio 15
VisualStudioVersion = 15.0.28010.2050
MinimumVisualStudioVersion = 10.0.40219.1
Project("{9A19103F-16F7-4668-BE54-9A1E7A4F7556}") = "01.CountSameValuesInArray", "01.CountSameValuesInArray\01.CountSameValuesInArray.csproj", "{784B80C1-A260-4572-8F16-FE54EF6F2FA3}"
EndProject
Project("{FAE04EC0-301F-11D3-BF4B-00C04F79EFBC}") = "02.AverageStudentGrades", "02.AverageStudentGrades\02.AverageStudentGrades.csproj", "{54FCD75C-74B6-4316-8C26-A444F46AAADE}"
EndProject
Project("{FAE04EC0-301F-11D3-BF4B-00C04F79EFBC}") = "03.ProductShop", "03.ProductShop\03.ProductShop.csproj", "{ED7EE7B8-1AC0-40E9-AD18-249B4FEB8A5A}"
EndProject
Project("{FAE04EC0-301F-11D3-BF4B-00C04F79EFBC}") = "04.CitiesByContinentAndCountry", "04.CitiesByContinentAndCountry\04.CitiesByContinentAndCountry.csproj", "{7F7DE2A1-B24C-4DE7-AF19-2CB843BAF31A}"
EndProject
Project("{FAE04EC0-301F-11D3-BF4B-00C04F79EFBC}") = "05.RecordUniqueNames", "05.RecordUniqueNames\05.RecordUniqueNames.csproj", "{4A4F2E71-93BF-483C-9624-81C5589B4F4C}"
EndProject
Project("{FAE04EC0-301F-11D3-BF4B-00C04F79EFBC}") = "06.ParkingLot", "06.ParkingLot\06.ParkingLot.csproj", "{77F88671-EF9C-4050-8C5A-FD75425CF343}"
EndProject
Project("{FAE04EC0-301F-11D3-BF4B-00C04F79EFBC}") = "07.SoftUniParty", "07.SoftUniParty\07.SoftUniParty.csproj", "{471864D2-4CC0-4D8E-8B87-B8E9D595EB17}"
EndProject
Global
	GlobalSection(SolutionConfigurationPlatforms) = preSolution
		Debug|Any CPU = Debug|Any CPU
		Release|Any CPU = Release|Any CPU
	EndGlobalSection
	GlobalSection(ProjectConfigurationPlatforms) = postSolution
		{784B80C1-A260-4572-8F16-FE54EF6F2FA3}.Debug|Any CPU.ActiveCfg = Debug|Any CPU
		{784B80C1-A260-4572-8F16-FE54EF6F2FA3}.Debug|Any CPU.Build.0 = Debug|Any CPU
		{784B80C1-A260-4572-8F16-FE54EF6F2FA3}.Release|Any CPU.ActiveCfg = Release|Any CPU
		{784B80C1-A260-4572-8F16-FE54EF6F2FA3}.Release|Any CPU.Build.0 = Release|Any CPU
		{54FCD75C-74B6-4316-8C26-A444F46AAADE}.Debug|Any CPU.ActiveCfg = Debug|Any CPU
		{54FCD75C-74B6-4316-8C26-A444F46AAADE}.Debug|Any CPU.Build.0 = Debug|Any CPU
		{54FCD75C-74B6-4316-8C26-A444F46AAADE}.Release|Any CPU.ActiveCfg = Release|Any CPU
		{54FCD75C-74B6-4316-8C26-A444F46AAADE}.Release|Any CPU.Build.0 = Release|Any CPU
		{ED7EE7B8-1AC0-40E9-AD18-249B4FEB8A5A}.Debug|Any CPU.ActiveCfg = Debug|Any CPU
		{ED7EE7B8-1AC0-40E9-AD18-249B4FEB8A5A}.Debug|Any CPU.Build.0 = Debug|Any CPU
		{ED7EE7B8-1AC0-40E9-AD18-249B4FEB8A5A}.Release|Any CPU.ActiveCfg = Release|Any CPU
		{ED7EE7B8-1AC0-40E9-AD18-249B4FEB8A5A}.Release|Any CPU.Build.0 = Release|Any CPU
		{7F7DE2A1-B24C-4DE7-AF19-2CB843BAF31A}.Debug|Any CPU.ActiveCfg = Debug|Any CPU
		{7F7DE2A1-B24C-4DE7-AF19-2CB843BAF31A}.Debug|Any CPU.Build.0 = Debug|Any CPU
		{7F7DE2A1-B24C-4DE7-AF19-2CB843BAF31A}.Release|Any CPU.ActiveCfg = Release|Any CPU
		{7F7DE2A1-B24C-4DE7-AF19-2CB843BAF31A}.Release|Any CPU.Build.0 = Release|Any CPU
		{4A4F2E71-93BF-483C-9624-81C5589B4F4C}.Debug|Any CPU.ActiveCfg = Debug|Any CPU
		{4A4F2E71-93BF-483C-9624-81C5589B4F4C}.Debug|Any CPU.Build.0 = Debug|Any CPU
		{4A4F2E71-93BF-483C-9624-81C5589B4F4C}.Release|Any CPU.ActiveCfg = Release|Any CPU
		{4A4F2E71-93BF-483C-9624-81C5589B4F4C}.Release|Any CPU.Build.0 = Release|Any CPU
		{77F88671-EF9C-4050-8C5A-FD75425CF343}.Debug|Any CPU.ActiveCfg = Debug|Any CPU
		{77F88671-EF9C-4050-8C5A-FD75425CF343}.Debug|Any CPU.Build.0 = Debug|Any CPU
		{77F88671-EF9C-4050-8C5A-FD75425CF343}.Release|Any CPU.ActiveCfg = Release|Any CPU
		{77F88671-EF9C-4050-8C5A-FD75425CF343}.Release|Any CPU.Build.0 = Release|Any CPU
		{471864D2-4CC0-4D8E-8B87-B8E9D595EB17}.Debug|Any CPU.ActiveCfg = Debug|Any CPU
		{471864D2-4CC0-4D8E-8B87-B8E9D595EB17}.Debug|Any CPU.Build.0 = Debug|Any CPU
		{471864D2-4CC0-4D8E-8B87-B8E9D595EB17}.Release|Any CPU.ActiveCfg = Release|Any CPU
		{471864D2-4CC0-4D8E-8B87-B8E9D595EB17}.Release|Any CPU.Build.0 = Release|Any CPU
	EndGlobalSection
	GlobalSection(SolutionProperties) = preSolution
		HideSolutionNode = FALSE
	EndGlobalSection
	GlobalSection(ExtensibilityGlobals) = postSolution
		SolutionGuid = {C93DA4F1-F3E9-424D-AF6A-5258E2AF1668}
	EndGlobalSection
EndGlobal
