
Microsoft Visual Studio Solution File, Format Version 12.00
# Visual Studio 15
VisualStudioVersion = 15.0.28010.2050
MinimumVisualStudioVersion = 10.0.40219.1
Project("{FAE04EC0-301F-11D3-BF4B-00C04F79EFBC}") = "01.KeyRevolver", "01.KeyRevolver\01.KeyRevolver.csproj", "{2E063F2C-BAE2-486D-A104-A2B0C1A8D4D9}"
EndProject
Project("{FAE04EC0-301F-11D3-BF4B-00C04F79EFBC}") = "02.Sneaking", "02.Sneaking\02.Sneaking.csproj", "{5B850B1E-3CB2-4027-B98E-4E378F683B9B}"
EndProject
Project("{FAE04EC0-301F-11D3-BF4B-00C04F79EFBC}") = "04.HitList", "04.HitList\04.HitList.csproj", "{D0E6B1E7-675A-4414-A02B-24F8C76D90FD}"
EndProject
Global
	GlobalSection(SolutionConfigurationPlatforms) = preSolution
		Debug|Any CPU = Debug|Any CPU
		Release|Any CPU = Release|Any CPU
	EndGlobalSection
	GlobalSection(ProjectConfigurationPlatforms) = postSolution
		{2E063F2C-BAE2-486D-A104-A2B0C1A8D4D9}.Debug|Any CPU.ActiveCfg = Debug|Any CPU
		{2E063F2C-BAE2-486D-A104-A2B0C1A8D4D9}.Debug|Any CPU.Build.0 = Debug|Any CPU
		{2E063F2C-BAE2-486D-A104-A2B0C1A8D4D9}.Release|Any CPU.ActiveCfg = Release|Any CPU
		{2E063F2C-BAE2-486D-A104-A2B0C1A8D4D9}.Release|Any CPU.Build.0 = Release|Any CPU
		{5B850B1E-3CB2-4027-B98E-4E378F683B9B}.Debug|Any CPU.ActiveCfg = Debug|Any CPU
		{5B850B1E-3CB2-4027-B98E-4E378F683B9B}.Debug|Any CPU.Build.0 = Debug|Any CPU
		{5B850B1E-3CB2-4027-B98E-4E378F683B9B}.Release|Any CPU.ActiveCfg = Release|Any CPU
		{5B850B1E-3CB2-4027-B98E-4E378F683B9B}.Release|Any CPU.Build.0 = Release|Any CPU
		{D0E6B1E7-675A-4414-A02B-24F8C76D90FD}.Debug|Any CPU.ActiveCfg = Debug|Any CPU
		{D0E6B1E7-675A-4414-A02B-24F8C76D90FD}.Debug|Any CPU.Build.0 = Debug|Any CPU
		{D0E6B1E7-675A-4414-A02B-24F8C76D90FD}.Release|Any CPU.ActiveCfg = Release|Any CPU
		{D0E6B1E7-675A-4414-A02B-24F8C76D90FD}.Release|Any CPU.Build.0 = Release|Any CPU
	EndGlobalSection
	GlobalSection(SolutionProperties) = preSolution
		HideSolutionNode = FALSE
	EndGlobalSection
	GlobalSection(ExtensibilityGlobals) = postSolution
		SolutionGuid = {D9AAB08B-79DB-4406-BBD6-607AF589166F}
	EndGlobalSection
EndGlobal
