
Microsoft Visual Studio Solution File, Format Version 12.00
# Visual Studio 15
VisualStudioVersion = 15.0.28010.2050
MinimumVisualStudioVersion = 10.0.40219.1
Project("{9A19103F-16F7-4668-BE54-9A1E7A4F7556}") = "01.DangerousFloor", "01.DangerousFloor\01.DangerousFloor.csproj", "{1E3F5807-263A-478D-BD00-11D493310FBD}"
EndProject
Project("{9A19103F-16F7-4668-BE54-9A1E7A4F7556}") = "02.CryptoMaster", "02.CryptoMaster\02.CryptoMaster.csproj", "{96578ABA-1295-4C0C-9B2B-C5B9EAB41025}"
EndProject
Project("{FAE04EC0-301F-11D3-BF4B-00C04F79EFBC}") = "03.GreedyTimes", "03.GreedyTimes\03.GreedyTimes.csproj", "{6A7980D0-518F-4BFD-A509-FB670E820595}"
EndProject
Global
	GlobalSection(SolutionConfigurationPlatforms) = preSolution
		Debug|Any CPU = Debug|Any CPU
		Release|Any CPU = Release|Any CPU
	EndGlobalSection
	GlobalSection(ProjectConfigurationPlatforms) = postSolution
		{1E3F5807-263A-478D-BD00-11D493310FBD}.Debug|Any CPU.ActiveCfg = Debug|Any CPU
		{1E3F5807-263A-478D-BD00-11D493310FBD}.Debug|Any CPU.Build.0 = Debug|Any CPU
		{1E3F5807-263A-478D-BD00-11D493310FBD}.Release|Any CPU.ActiveCfg = Release|Any CPU
		{1E3F5807-263A-478D-BD00-11D493310FBD}.Release|Any CPU.Build.0 = Release|Any CPU
		{96578ABA-1295-4C0C-9B2B-C5B9EAB41025}.Debug|Any CPU.ActiveCfg = Debug|Any CPU
		{96578ABA-1295-4C0C-9B2B-C5B9EAB41025}.Debug|Any CPU.Build.0 = Debug|Any CPU
		{96578ABA-1295-4C0C-9B2B-C5B9EAB41025}.Release|Any CPU.ActiveCfg = Release|Any CPU
		{96578ABA-1295-4C0C-9B2B-C5B9EAB41025}.Release|Any CPU.Build.0 = Release|Any CPU
		{6A7980D0-518F-4BFD-A509-FB670E820595}.Debug|Any CPU.ActiveCfg = Debug|Any CPU
		{6A7980D0-518F-4BFD-A509-FB670E820595}.Debug|Any CPU.Build.0 = Debug|Any CPU
		{6A7980D0-518F-4BFD-A509-FB670E820595}.Release|Any CPU.ActiveCfg = Release|Any CPU
		{6A7980D0-518F-4BFD-A509-FB670E820595}.Release|Any CPU.Build.0 = Release|Any CPU
	EndGlobalSection
	GlobalSection(SolutionProperties) = preSolution
		HideSolutionNode = FALSE
	EndGlobalSection
	GlobalSection(ExtensibilityGlobals) = postSolution
		SolutionGuid = {A9AE4B94-BCB3-4B68-93AA-E666EBA64790}
	EndGlobalSection
EndGlobal
