
Microsoft Visual Studio Solution File, Format Version 12.00
# Visual Studio 15
VisualStudioVersion = 15.0.28010.2050
MinimumVisualStudioVersion = 10.0.40219.1
Project("{FAE04EC0-301F-11D3-BF4B-00C04F79EFBC}") = "CarManufacturer", "CarManufacturer\CarManufacturer.csproj", "{86A9CE0D-583C-4BDF-8CD7-E69DC436426A}"
EndProject
Global
	GlobalSection(SolutionConfigurationPlatforms) = preSolution
		Debug|Any CPU = Debug|Any CPU
		Release|Any CPU = Release|Any CPU
	EndGlobalSection
	GlobalSection(ProjectConfigurationPlatforms) = postSolution
		{86A9CE0D-583C-4BDF-8CD7-E69DC436426A}.Debug|Any CPU.ActiveCfg = Debug|Any CPU
		{86A9CE0D-583C-4BDF-8CD7-E69DC436426A}.Debug|Any CPU.Build.0 = Debug|Any CPU
		{86A9CE0D-583C-4BDF-8CD7-E69DC436426A}.Release|Any CPU.ActiveCfg = Release|Any CPU
		{86A9CE0D-583C-4BDF-8CD7-E69DC436426A}.Release|Any CPU.Build.0 = Release|Any CPU
	EndGlobalSection
	GlobalSection(SolutionProperties) = preSolution
		HideSolutionNode = FALSE
	EndGlobalSection
	GlobalSection(ExtensibilityGlobals) = postSolution
		SolutionGuid = {311970AE-6D32-460D-B3E0-BDD2AE0C4AC3}
	EndGlobalSection
EndGlobal
