
Microsoft Visual Studio Solution File, Format Version 12.00
# Visual Studio 15
VisualStudioVersion = 15.0.28010.2050
MinimumVisualStudioVersion = 10.0.40219.1
Project("{9A19103F-16F7-4668-BE54-9A1E7A4F7556}") = "Shapes", "Shapes\Shapes.csproj", "{36416B99-7037-4CB6-9D31-F7493CD6F936}"
EndProject
Project("{FAE04EC0-301F-11D3-BF4B-00C04F79EFBC}") = "Cars", "Cars\Cars.csproj", "{A1C6FCC0-1C52-4BA7-BE52-0545CE92AF0D}"
EndProject
Global
	GlobalSection(SolutionConfigurationPlatforms) = preSolution
		Debug|Any CPU = Debug|Any CPU
		Release|Any CPU = Release|Any CPU
	EndGlobalSection
	GlobalSection(ProjectConfigurationPlatforms) = postSolution
		{36416B99-7037-4CB6-9D31-F7493CD6F936}.Debug|Any CPU.ActiveCfg = Debug|Any CPU
		{36416B99-7037-4CB6-9D31-F7493CD6F936}.Debug|Any CPU.Build.0 = Debug|Any CPU
		{36416B99-7037-4CB6-9D31-F7493CD6F936}.Release|Any CPU.ActiveCfg = Release|Any CPU
		{36416B99-7037-4CB6-9D31-F7493CD6F936}.Release|Any CPU.Build.0 = Release|Any CPU
		{A1C6FCC0-1C52-4BA7-BE52-0545CE92AF0D}.Debug|Any CPU.ActiveCfg = Debug|Any CPU
		{A1C6FCC0-1C52-4BA7-BE52-0545CE92AF0D}.Debug|Any CPU.Build.0 = Debug|Any CPU
		{A1C6FCC0-1C52-4BA7-BE52-0545CE92AF0D}.Release|Any CPU.ActiveCfg = Release|Any CPU
		{A1C6FCC0-1C52-4BA7-BE52-0545CE92AF0D}.Release|Any CPU.Build.0 = Release|Any CPU
	EndGlobalSection
	GlobalSection(SolutionProperties) = preSolution
		HideSolutionNode = FALSE
	EndGlobalSection
	GlobalSection(ExtensibilityGlobals) = postSolution
		SolutionGuid = {CB81D839-577F-41EA-89F2-F3F445D96FFA}
	EndGlobalSection
EndGlobal
