
Microsoft Visual Studio Solution File, Format Version 12.00
# Visual Studio 15
VisualStudioVersion = 15.0.28010.2050
MinimumVisualStudioVersion = 10.0.40219.1
Project("{FAE04EC0-301F-11D3-BF4B-00C04F79EFBC}") = "CarSalesman", "CarSalesman\CarSalesman.csproj", "{B78D4611-A784-4E1A-B8C2-FC45BB904D03}"
EndProject
Global
	GlobalSection(SolutionConfigurationPlatforms) = preSolution
		Debug|Any CPU = Debug|Any CPU
		Release|Any CPU = Release|Any CPU
	EndGlobalSection
	GlobalSection(ProjectConfigurationPlatforms) = postSolution
		{B78D4611-A784-4E1A-B8C2-FC45BB904D03}.Debug|Any CPU.ActiveCfg = Debug|Any CPU
		{B78D4611-A784-4E1A-B8C2-FC45BB904D03}.Debug|Any CPU.Build.0 = Debug|Any CPU
		{B78D4611-A784-4E1A-B8C2-FC45BB904D03}.Release|Any CPU.ActiveCfg = Release|Any CPU
		{B78D4611-A784-4E1A-B8C2-FC45BB904D03}.Release|Any CPU.Build.0 = Release|Any CPU
	EndGlobalSection
	GlobalSection(SolutionProperties) = preSolution
		HideSolutionNode = FALSE
	EndGlobalSection
	GlobalSection(ExtensibilityGlobals) = postSolution
		SolutionGuid = {FF05D224-4CA6-4A20-9244-C0FD997BD94C}
	EndGlobalSection
EndGlobal
