
Microsoft Visual Studio Solution File, Format Version 12.00
# Visual Studio Version 16
VisualStudioVersion = 16.0.30413.136
MinimumVisualStudioVersion = 10.0.40219.1
Project("{FAE04EC0-301F-11D3-BF4B-00C04F79EFBC}") = "LAB", "LAB\LAB.csproj", "{8ADF88A6-0FD8-4FDB-8244-7C139FDAFD1D}"
EndProject
Global
	GlobalSection(SolutionConfigurationPlatforms) = preSolution
		Debug|Any CPU = Debug|Any CPU
		Release|Any CPU = Release|Any CPU
	EndGlobalSection
	GlobalSection(ProjectConfigurationPlatforms) = postSolution
		{8ADF88A6-0FD8-4FDB-8244-7C139FDAFD1D}.Debug|Any CPU.ActiveCfg = Debug|Any CPU
		{8ADF88A6-0FD8-4FDB-8244-7C139FDAFD1D}.Debug|Any CPU.Build.0 = Debug|Any CPU
		{8ADF88A6-0FD8-4FDB-8244-7C139FDAFD1D}.Release|Any CPU.ActiveCfg = Release|Any CPU
		{8ADF88A6-0FD8-4FDB-8244-7C139FDAFD1D}.Release|Any CPU.Build.0 = Release|Any CPU
	EndGlobalSection
	GlobalSection(SolutionProperties) = preSolution
		HideSolutionNode = FALSE
	EndGlobalSection
	GlobalSection(ExtensibilityGlobals) = postSolution
		SolutionGuid = {83735AA1-5E7A-497E-ADEE-44446BC8B522}
	EndGlobalSection
EndGlobal
