
Microsoft Visual Studio Solution File, Format Version 12.00
# Visual Studio 15
VisualStudioVersion = 15.0.28010.2050
MinimumVisualStudioVersion = 10.0.40219.1
Project("{9A19103F-16F7-4668-BE54-9A1E7A4F7556}") = "01.BscStackOperations", "01.BscStackOperations\01.BscStackOperations.csproj", "{1B167277-9E81-465E-92BE-A648CAC6EE66}"
EndProject
Project("{9A19103F-16F7-4668-BE54-9A1E7A4F7556}") = "02.BscQueueOperations", "02.BscQueueOperations\02.BscQueueOperations.csproj", "{AA636824-3E17-45FC-8825-7549CBBC7BB9}"
EndProject
Project("{9A19103F-16F7-4668-BE54-9A1E7A4F7556}") = "03.MaxAndMinElement", "03.MaxAndMinElement\03.MaxAndMinElement.csproj", "{C160B8F6-B28D-4163-AE53-AB585BED7B7A}"
EndProject
Project("{9A19103F-16F7-4668-BE54-9A1E7A4F7556}") = "04.FastFood", "04.FastFood\04.FastFood.csproj", "{819EFAC1-1B25-4F87-897F-87FF78E2D92B}"
EndProject
Project("{9A19103F-16F7-4668-BE54-9A1E7A4F7556}") = "05.FashionBoutique", "05.FashionBoutique\05.FashionBoutique.csproj", "{99382ED1-9553-4BA6-9454-332FD3C1AA1D}"
EndProject
Project("{9A19103F-16F7-4668-BE54-9A1E7A4F7556}") = "06.AutoRepairAndService", "06.AutoRepairAndService\06.AutoRepairAndService.csproj", "{FCAFCF96-C253-4EF8-BF15-39EACB873F05}"
EndProject
Project("{9A19103F-16F7-4668-BE54-9A1E7A4F7556}") = "07.TruckTour", "07.TruckTour\07.TruckTour.csproj", "{B47E3A75-2570-4893-8DB5-CFB954C5BE6C}"
EndProject
Project("{9A19103F-16F7-4668-BE54-9A1E7A4F7556}") = "08.BalancedParenthesis", "08.BalancedParenthesis\08.BalancedParenthesis.csproj", "{C2FF13CB-5A1A-411F-963D-19EBB5C44740}"
EndProject
Project("{9A19103F-16F7-4668-BE54-9A1E7A4F7556}") = "09.SimpleTextEditor", "09.SimpleTextEditor\09.SimpleTextEditor.csproj", "{104B6487-6E6B-45C0-A947-3F7585644497}"
EndProject
Project("{FAE04EC0-301F-11D3-BF4B-00C04F79EFBC}") = "10.Crossroads", "10.Crossroads\10.Crossroads.csproj", "{FA195CCE-CA34-4A04-BE7E-D619CB618339}"
EndProject
Project("{FAE04EC0-301F-11D3-BF4B-00C04F79EFBC}") = "11.KeyRevolver", "11.KeyRevolver\11.KeyRevolver.csproj", "{430EDCEC-68AA-4A16-98DF-0A4036E1C1C1}"
EndProject
Project("{FAE04EC0-301F-11D3-BF4B-00C04F79EFBC}") = "12.CupsAndBottles", "12.CupsAndBottles\12.CupsAndBottles.csproj", "{5913A5C3-8CE5-496F-AF13-8055ACE48A3F}"
EndProject
Global
	GlobalSection(SolutionConfigurationPlatforms) = preSolution
		Debug|Any CPU = Debug|Any CPU
		Release|Any CPU = Release|Any CPU
	EndGlobalSection
	GlobalSection(ProjectConfigurationPlatforms) = postSolution
		{1B167277-9E81-465E-92BE-A648CAC6EE66}.Debug|Any CPU.ActiveCfg = Debug|Any CPU
		{1B167277-9E81-465E-92BE-A648CAC6EE66}.Debug|Any CPU.Build.0 = Debug|Any CPU
		{1B167277-9E81-465E-92BE-A648CAC6EE66}.Release|Any CPU.ActiveCfg = Release|Any CPU
		{1B167277-9E81-465E-92BE-A648CAC6EE66}.Release|Any CPU.Build.0 = Release|Any CPU
		{AA636824-3E17-45FC-8825-7549CBBC7BB9}.Debug|Any CPU.ActiveCfg = Debug|Any CPU
		{AA636824-3E17-45FC-8825-7549CBBC7BB9}.Debug|Any CPU.Build.0 = Debug|Any CPU
		{AA636824-3E17-45FC-8825-7549CBBC7BB9}.Release|Any CPU.ActiveCfg = Release|Any CPU
		{AA636824-3E17-45FC-8825-7549CBBC7BB9}.Release|Any CPU.Build.0 = Release|Any CPU
		{C160B8F6-B28D-4163-AE53-AB585BED7B7A}.Debug|Any CPU.ActiveCfg = Debug|Any CPU
		{C160B8F6-B28D-4163-AE53-AB585BED7B7A}.Debug|Any CPU.Build.0 = Debug|Any CPU
		{C160B8F6-B28D-4163-AE53-AB585BED7B7A}.Release|Any CPU.ActiveCfg = Release|Any CPU
		{C160B8F6-B28D-4163-AE53-AB585BED7B7A}.Release|Any CPU.Build.0 = Release|Any CPU
		{819EFAC1-1B25-4F87-897F-87FF78E2D92B}.Debug|Any CPU.ActiveCfg = Debug|Any CPU
		{819EFAC1-1B25-4F87-897F-87FF78E2D92B}.Debug|Any CPU.Build.0 = Debug|Any CPU
		{819EFAC1-1B25-4F87-897F-87FF78E2D92B}.Release|Any CPU.ActiveCfg = Release|Any CPU
		{819EFAC1-1B25-4F87-897F-87FF78E2D92B}.Release|Any CPU.Build.0 = Release|Any CPU
		{99382ED1-9553-4BA6-9454-332FD3C1AA1D}.Debug|Any CPU.ActiveCfg = Debug|Any CPU
		{99382ED1-9553-4BA6-9454-332FD3C1AA1D}.Debug|Any CPU.Build.0 = Debug|Any CPU
		{99382ED1-9553-4BA6-9454-332FD3C1AA1D}.Release|Any CPU.ActiveCfg = Release|Any CPU
		{99382ED1-9553-4BA6-9454-332FD3C1AA1D}.Release|Any CPU.Build.0 = Release|Any CPU
		{FCAFCF96-C253-4EF8-BF15-39EACB873F05}.Debug|Any CPU.ActiveCfg = Debug|Any CPU
		{FCAFCF96-C253-4EF8-BF15-39EACB873F05}.Debug|Any CPU.Build.0 = Debug|Any CPU
		{FCAFCF96-C253-4EF8-BF15-39EACB873F05}.Release|Any CPU.ActiveCfg = Release|Any CPU
		{FCAFCF96-C253-4EF8-BF15-39EACB873F05}.Release|Any CPU.Build.0 = Release|Any CPU
		{B47E3A75-2570-4893-8DB5-CFB954C5BE6C}.Debug|Any CPU.ActiveCfg = Debug|Any CPU
		{B47E3A75-2570-4893-8DB5-CFB954C5BE6C}.Debug|Any CPU.Build.0 = Debug|Any CPU
		{B47E3A75-2570-4893-8DB5-CFB954C5BE6C}.Release|Any CPU.ActiveCfg = Release|Any CPU
		{B47E3A75-2570-4893-8DB5-CFB954C5BE6C}.Release|Any CPU.Build.0 = Release|Any CPU
		{C2FF13CB-5A1A-411F-963D-19EBB5C44740}.Debug|Any CPU.ActiveCfg = Debug|Any CPU
		{C2FF13CB-5A1A-411F-963D-19EBB5C44740}.Debug|Any CPU.Build.0 = Debug|Any CPU
		{C2FF13CB-5A1A-411F-963D-19EBB5C44740}.Release|Any CPU.ActiveCfg = Release|Any CPU
		{C2FF13CB-5A1A-411F-963D-19EBB5C44740}.Release|Any CPU.Build.0 = Release|Any CPU
		{104B6487-6E6B-45C0-A947-3F7585644497}.Debug|Any CPU.ActiveCfg = Debug|Any CPU
		{104B6487-6E6B-45C0-A947-3F7585644497}.Debug|Any CPU.Build.0 = Debug|Any CPU
		{104B6487-6E6B-45C0-A947-3F7585644497}.Release|Any CPU.ActiveCfg = Release|Any CPU
		{104B6487-6E6B-45C0-A947-3F7585644497}.Release|Any CPU.Build.0 = Release|Any CPU
		{FA195CCE-CA34-4A04-BE7E-D619CB618339}.Debug|Any CPU.ActiveCfg = Debug|Any CPU
		{FA195CCE-CA34-4A04-BE7E-D619CB618339}.Debug|Any CPU.Build.0 = Debug|Any CPU
		{FA195CCE-CA34-4A04-BE7E-D619CB618339}.Release|Any CPU.ActiveCfg = Release|Any CPU
		{FA195CCE-CA34-4A04-BE7E-D619CB618339}.Release|Any CPU.Build.0 = Release|Any CPU
		{430EDCEC-68AA-4A16-98DF-0A4036E1C1C1}.Debug|Any CPU.ActiveCfg = Debug|Any CPU
		{430EDCEC-68AA-4A16-98DF-0A4036E1C1C1}.Debug|Any CPU.Build.0 = Debug|Any CPU
		{430EDCEC-68AA-4A16-98DF-0A4036E1C1C1}.Release|Any CPU.ActiveCfg = Release|Any CPU
		{430EDCEC-68AA-4A16-98DF-0A4036E1C1C1}.Release|Any CPU.Build.0 = Release|Any CPU
		{5913A5C3-8CE5-496F-AF13-8055ACE48A3F}.Debug|Any CPU.ActiveCfg = Debug|Any CPU
		{5913A5C3-8CE5-496F-AF13-8055ACE48A3F}.Debug|Any CPU.Build.0 = Debug|Any CPU
		{5913A5C3-8CE5-496F-AF13-8055ACE48A3F}.Release|Any CPU.ActiveCfg = Release|Any CPU
		{5913A5C3-8CE5-496F-AF13-8055ACE48A3F}.Release|Any CPU.Build.0 = Release|Any CPU
	EndGlobalSection
	GlobalSection(SolutionProperties) = preSolution
		HideSolutionNode = FALSE
	EndGlobalSection
	GlobalSection(ExtensibilityGlobals) = postSolution
		SolutionGuid = {616048BC-E2CD-4161-BCAD-2DE77D8856D9}
	EndGlobalSection
EndGlobal
