
Microsoft Visual Studio Solution File, Format Version 12.00
# Visual Studio 15
VisualStudioVersion = 15.0.28010.2050
MinimumVisualStudioVersion = 10.0.40219.1
Project("{9A19103F-16F7-4668-BE54-9A1E7A4F7556}") = "01.UniqueUsernames", "01.UniqueUsernames\01.UniqueUsernames.csproj", "{059113B7-D923-4EF1-93D5-6D4D4D9FF3BD}"
EndProject
Project("{9A19103F-16F7-4668-BE54-9A1E7A4F7556}") = "02.SetsOfElements", "02.SetsOfElements\02.SetsOfElements.csproj", "{70B9AD10-1867-455A-8111-316AEF3737FA}"
EndProject
Project("{9A19103F-16F7-4668-BE54-9A1E7A4F7556}") = "03.PeriodicTable", "03.PeriodicTable\03.PeriodicTable.csproj", "{4A9A9D5D-6E21-498F-B0C9-C40B87FE73EF}"
EndProject
Project("{9A19103F-16F7-4668-BE54-9A1E7A4F7556}") = "04.EvenTimes", "04.EvenTimes\04.EvenTimes.csproj", "{C42599DD-12C9-40B7-8A44-9893252F1B34}"
EndProject
Project("{9A19103F-16F7-4668-BE54-9A1E7A4F7556}") = "05.CountSymbols", "05.CountSymbols\05.CountSymbols.csproj", "{7F7FBD17-ACBE-4E5D-B632-451B2D90D798}"
EndProject
Project("{9A19103F-16F7-4668-BE54-9A1E7A4F7556}") = "06.Wardrobe", "06.Wardrobe\06.Wardrobe.csproj", "{B5D4F072-42E4-4980-949A-1A08C86EF331}"
EndProject
Project("{9A19103F-16F7-4668-BE54-9A1E7A4F7556}") = "07.TheVLogger", "07.TheVLogger\07.TheVLogger.csproj", "{BEDCD1E3-3175-4F1A-9492-AC4FC9E11221}"
EndProject
Project("{FAE04EC0-301F-11D3-BF4B-00C04F79EFBC}") = "08.Ranking", "08.Ranking\08.Ranking.csproj", "{097E1B8C-79ED-4D27-BF20-62F57004A97C}"
EndProject
Global
	GlobalSection(SolutionConfigurationPlatforms) = preSolution
		Debug|Any CPU = Debug|Any CPU
		Release|Any CPU = Release|Any CPU
	EndGlobalSection
	GlobalSection(ProjectConfigurationPlatforms) = postSolution
		{059113B7-D923-4EF1-93D5-6D4D4D9FF3BD}.Debug|Any CPU.ActiveCfg = Debug|Any CPU
		{059113B7-D923-4EF1-93D5-6D4D4D9FF3BD}.Debug|Any CPU.Build.0 = Debug|Any CPU
		{059113B7-D923-4EF1-93D5-6D4D4D9FF3BD}.Release|Any CPU.ActiveCfg = Release|Any CPU
		{059113B7-D923-4EF1-93D5-6D4D4D9FF3BD}.Release|Any CPU.Build.0 = Release|Any CPU
		{70B9AD10-1867-455A-8111-316AEF3737FA}.Debug|Any CPU.ActiveCfg = Debug|Any CPU
		{70B9AD10-1867-455A-8111-316AEF3737FA}.Debug|Any CPU.Build.0 = Debug|Any CPU
		{70B9AD10-1867-455A-8111-316AEF3737FA}.Release|Any CPU.ActiveCfg = Release|Any CPU
		{70B9AD10-1867-455A-8111-316AEF3737FA}.Release|Any CPU.Build.0 = Release|Any CPU
		{4A9A9D5D-6E21-498F-B0C9-C40B87FE73EF}.Debug|Any CPU.ActiveCfg = Debug|Any CPU
		{4A9A9D5D-6E21-498F-B0C9-C40B87FE73EF}.Debug|Any CPU.Build.0 = Debug|Any CPU
		{4A9A9D5D-6E21-498F-B0C9-C40B87FE73EF}.Release|Any CPU.ActiveCfg = Release|Any CPU
		{4A9A9D5D-6E21-498F-B0C9-C40B87FE73EF}.Release|Any CPU.Build.0 = Release|Any CPU
		{C42599DD-12C9-40B7-8A44-9893252F1B34}.Debug|Any CPU.ActiveCfg = Debug|Any CPU
		{C42599DD-12C9-40B7-8A44-9893252F1B34}.Debug|Any CPU.Build.0 = Debug|Any CPU
		{C42599DD-12C9-40B7-8A44-9893252F1B34}.Release|Any CPU.ActiveCfg = Release|Any CPU
		{C42599DD-12C9-40B7-8A44-9893252F1B34}.Release|Any CPU.Build.0 = Release|Any CPU
		{7F7FBD17-ACBE-4E5D-B632-451B2D90D798}.Debug|Any CPU.ActiveCfg = Debug|Any CPU
		{7F7FBD17-ACBE-4E5D-B632-451B2D90D798}.Debug|Any CPU.Build.0 = Debug|Any CPU
		{7F7FBD17-ACBE-4E5D-B632-451B2D90D798}.Release|Any CPU.ActiveCfg = Release|Any CPU
		{7F7FBD17-ACBE-4E5D-B632-451B2D90D798}.Release|Any CPU.Build.0 = Release|Any CPU
		{B5D4F072-42E4-4980-949A-1A08C86EF331}.Debug|Any CPU.ActiveCfg = Debug|Any CPU
		{B5D4F072-42E4-4980-949A-1A08C86EF331}.Debug|Any CPU.Build.0 = Debug|Any CPU
		{B5D4F072-42E4-4980-949A-1A08C86EF331}.Release|Any CPU.ActiveCfg = Release|Any CPU
		{B5D4F072-42E4-4980-949A-1A08C86EF331}.Release|Any CPU.Build.0 = Release|Any CPU
		{BEDCD1E3-3175-4F1A-9492-AC4FC9E11221}.Debug|Any CPU.ActiveCfg = Debug|Any CPU
		{BEDCD1E3-3175-4F1A-9492-AC4FC9E11221}.Debug|Any CPU.Build.0 = Debug|Any CPU
		{BEDCD1E3-3175-4F1A-9492-AC4FC9E11221}.Release|Any CPU.ActiveCfg = Release|Any CPU
		{BEDCD1E3-3175-4F1A-9492-AC4FC9E11221}.Release|Any CPU.Build.0 = Release|Any CPU
		{097E1B8C-79ED-4D27-BF20-62F57004A97C}.Debug|Any CPU.ActiveCfg = Debug|Any CPU
		{097E1B8C-79ED-4D27-BF20-62F57004A97C}.Debug|Any CPU.Build.0 = Debug|Any CPU
		{097E1B8C-79ED-4D27-BF20-62F57004A97C}.Release|Any CPU.ActiveCfg = Release|Any CPU
		{097E1B8C-79ED-4D27-BF20-62F57004A97C}.Release|Any CPU.Build.0 = Release|Any CPU
	EndGlobalSection
	GlobalSection(SolutionProperties) = preSolution
		HideSolutionNode = FALSE
	EndGlobalSection
	GlobalSection(ExtensibilityGlobals) = postSolution
		SolutionGuid = {75C9DDFA-07A0-4EC2-8FC7-C7ADE6608440}
	EndGlobalSection
EndGlobal
