
Microsoft Visual Studio Solution File, Format Version 12.00
# Visual Studio Version 16
VisualStudioVersion = 16.0.29905.134
MinimumVisualStudioVersion = 10.0.40219.1
Project("{9A19103F-16F7-4668-BE54-9A1E7A4F7556}") = "CounterStrike", "CounterStrike\CounterStrike.csproj", "{0ED77E2F-8F32-4BD5-AD14-DD76D14AB3EB}"
EndProject
Global
	GlobalSection(SolutionConfigurationPlatforms) = preSolution
		Debug|Any CPU = Debug|Any CPU
		Release|Any CPU = Release|Any CPU
	EndGlobalSection
	GlobalSection(ProjectConfigurationPlatforms) = postSolution
		{0ED77E2F-8F32-4BD5-AD14-DD76D14AB3EB}.Debug|Any CPU.ActiveCfg = Debug|Any CPU
		{0ED77E2F-8F32-4BD5-AD14-DD76D14AB3EB}.Debug|Any CPU.Build.0 = Debug|Any CPU
		{0ED77E2F-8F32-4BD5-AD14-DD76D14AB3EB}.Release|Any CPU.ActiveCfg = Release|Any CPU
		{0ED77E2F-8F32-4BD5-AD14-DD76D14AB3EB}.Release|Any CPU.Build.0 = Release|Any CPU
	EndGlobalSection
	GlobalSection(SolutionProperties) = preSolution
		HideSolutionNode = FALSE
	EndGlobalSection
	GlobalSection(ExtensibilityGlobals) = postSolution
		SolutionGuid = {D449C30F-B727-4ADB-B6BF-A2E6AEA08692}
	EndGlobalSection
EndGlobal
