
Microsoft Visual Studio Solution File, Format Version 12.00
# Visual Studio 15
VisualStudioVersion = 15.0.28010.2019
MinimumVisualStudioVersion = 10.0.40219.1
Project("{FAE04EC0-301F-11D3-BF4B-00C04F79EFBC}") = "p_01", "p_01\p_01.csproj", "{7E2AFB3A-BDC8-4EE2-8DF3-B9A81CF0843C}"
EndProject
Project("{FAE04EC0-301F-11D3-BF4B-00C04F79EFBC}") = "p_02", "p_02\p_02.csproj", "{AEF07130-BF81-449D-AE95-856C975FAFB4}"
EndProject
Global
	GlobalSection(SolutionConfigurationPlatforms) = preSolution
		Debug|Any CPU = Debug|Any CPU
		Release|Any CPU = Release|Any CPU
	EndGlobalSection
	GlobalSection(ProjectConfigurationPlatforms) = postSolution
		{7E2AFB3A-BDC8-4EE2-8DF3-B9A81CF0843C}.Debug|Any CPU.ActiveCfg = Debug|Any CPU
		{7E2AFB3A-BDC8-4EE2-8DF3-B9A81CF0843C}.Debug|Any CPU.Build.0 = Debug|Any CPU
		{7E2AFB3A-BDC8-4EE2-8DF3-B9A81CF0843C}.Release|Any CPU.ActiveCfg = Release|Any CPU
		{7E2AFB3A-BDC8-4EE2-8DF3-B9A81CF0843C}.Release|Any CPU.Build.0 = Release|Any CPU
		{AEF07130-BF81-449D-AE95-856C975FAFB4}.Debug|Any CPU.ActiveCfg = Debug|Any CPU
		{AEF07130-BF81-449D-AE95-856C975FAFB4}.Debug|Any CPU.Build.0 = Debug|Any CPU
		{AEF07130-BF81-449D-AE95-856C975FAFB4}.Release|Any CPU.ActiveCfg = Release|Any CPU
		{AEF07130-BF81-449D-AE95-856C975FAFB4}.Release|Any CPU.Build.0 = Release|Any CPU
	EndGlobalSection
	GlobalSection(SolutionProperties) = preSolution
		HideSolutionNode = FALSE
	EndGlobalSection
	GlobalSection(ExtensibilityGlobals) = postSolution
		SolutionGuid = {D4221484-3F3B-4671-8529-85B4C2898380}
	EndGlobalSection
EndGlobal
