
Microsoft Visual Studio Solution File, Format Version 12.00
# Visual Studio Version 16
VisualStudioVersion = 16.0.31112.23
MinimumVisualStudioVersion = 10.0.40219.1
Project("{9A19103F-16F7-4668-BE54-9A1E7A4F7556}") = "MyWebServer.App", "MyWebServer.App.csproj", "{F9227E97-8A03-4EA1-8E81-F7E51EB71B17}"
EndProject
Project("{9A19103F-16F7-4668-BE54-9A1E7A4F7556}") = "MyWebServer", "..\MyWebServer\MyWebServer.csproj", "{31A28660-CEB4-4A52-9C20-0F18794E7CBE}"
EndProject
Global
	GlobalSection(SolutionConfigurationPlatforms) = preSolution
		Debug|Any CPU = Debug|Any CPU
		Release|Any CPU = Release|Any CPU
	EndGlobalSection
	GlobalSection(ProjectConfigurationPlatforms) = postSolution
		{F9227E97-8A03-4EA1-8E81-F7E51EB71B17}.Debug|Any CPU.ActiveCfg = Debug|Any CPU
		{F9227E97-8A03-4EA1-8E81-F7E51EB71B17}.Debug|Any CPU.Build.0 = Debug|Any CPU
		{F9227E97-8A03-4EA1-8E81-F7E51EB71B17}.Release|Any CPU.ActiveCfg = Release|Any CPU
		{F9227E97-8A03-4EA1-8E81-F7E51EB71B17}.Release|Any CPU.Build.0 = Release|Any CPU
		{31A28660-CEB4-4A52-9C20-0F18794E7CBE}.Debug|Any CPU.ActiveCfg = Debug|Any CPU
		{31A28660-CEB4-4A52-9C20-0F18794E7CBE}.Debug|Any CPU.Build.0 = Debug|Any CPU
		{31A28660-CEB4-4A52-9C20-0F18794E7CBE}.Release|Any CPU.ActiveCfg = Release|Any CPU
		{31A28660-CEB4-4A52-9C20-0F18794E7CBE}.Release|Any CPU.Build.0 = Release|Any CPU
	EndGlobalSection
	GlobalSection(SolutionProperties) = preSolution
		HideSolutionNode = FALSE
	EndGlobalSection
	GlobalSection(ExtensibilityGlobals) = postSolution
		SolutionGuid = {2986AFCF-5AB6-4F23-B007-4289E5C56F16}
	EndGlobalSection
EndGlobal
