
Microsoft Visual Studio Solution File, Format Version 12.00
# Visual Studio 15
VisualStudioVersion = 15.0.28010.2050
MinimumVisualStudioVersion = 10.0.40219.1
Project("{FAE04EC0-301F-11D3-BF4B-00C04F79EFBC}") = "p_03", "p_03\p_03.csproj", "{1D42907B-A5B9-44AD-8F0F-02643F28D0A3}"
EndProject
Project("{FAE04EC0-301F-11D3-BF4B-00C04F79EFBC}") = "p_04", "p_04\p_04.csproj", "{ACE3E896-9DDF-4547-A958-2CF58CFFB5D1}"
EndProject
Global
	GlobalSection(SolutionConfigurationPlatforms) = preSolution
		Debug|Any CPU = Debug|Any CPU
		Release|Any CPU = Release|Any CPU
	EndGlobalSection
	GlobalSection(ProjectConfigurationPlatforms) = postSolution
		{1D42907B-A5B9-44AD-8F0F-02643F28D0A3}.Debug|Any CPU.ActiveCfg = Debug|Any CPU
		{1D42907B-A5B9-44AD-8F0F-02643F28D0A3}.Debug|Any CPU.Build.0 = Debug|Any CPU
		{1D42907B-A5B9-44AD-8F0F-02643F28D0A3}.Release|Any CPU.ActiveCfg = Release|Any CPU
		{1D42907B-A5B9-44AD-8F0F-02643F28D0A3}.Release|Any CPU.Build.0 = Release|Any CPU
		{ACE3E896-9DDF-4547-A958-2CF58CFFB5D1}.Debug|Any CPU.ActiveCfg = Debug|Any CPU
		{ACE3E896-9DDF-4547-A958-2CF58CFFB5D1}.Debug|Any CPU.Build.0 = Debug|Any CPU
		{ACE3E896-9DDF-4547-A958-2CF58CFFB5D1}.Release|Any CPU.ActiveCfg = Release|Any CPU
		{ACE3E896-9DDF-4547-A958-2CF58CFFB5D1}.Release|Any CPU.Build.0 = Release|Any CPU
	EndGlobalSection
	GlobalSection(SolutionProperties) = preSolution
		HideSolutionNode = FALSE
	EndGlobalSection
	GlobalSection(ExtensibilityGlobals) = postSolution
		SolutionGuid = {2D8B058C-2A4A-483E-B8ED-C14B5D0913DB}
	EndGlobalSection
EndGlobal
