
Microsoft Visual Studio Solution File, Format Version 12.00
# Visual Studio 15
VisualStudioVersion = 15.0.28010.2050
MinimumVisualStudioVersion = 10.0.40219.1
Project("{FAE04EC0-301F-11D3-BF4B-00C04F79EFBC}") = "p_03", "p_03\p_03.csproj", "{5BDE10BE-4B15-4743-BC95-AC65A905C60B}"
EndProject
Project("{FAE04EC0-301F-11D3-BF4B-00C04F79EFBC}") = "p_04", "p_04\p_04.csproj", "{5509F11F-5A03-4FC7-8769-AF71CF4F61A6}"
EndProject
Global
	GlobalSection(SolutionConfigurationPlatforms) = preSolution
		Debug|Any CPU = Debug|Any CPU
		Release|Any CPU = Release|Any CPU
	EndGlobalSection
	GlobalSection(ProjectConfigurationPlatforms) = postSolution
		{5BDE10BE-4B15-4743-BC95-AC65A905C60B}.Debug|Any CPU.ActiveCfg = Debug|Any CPU
		{5BDE10BE-4B15-4743-BC95-AC65A905C60B}.Debug|Any CPU.Build.0 = Debug|Any CPU
		{5BDE10BE-4B15-4743-BC95-AC65A905C60B}.Release|Any CPU.ActiveCfg = Release|Any CPU
		{5BDE10BE-4B15-4743-BC95-AC65A905C60B}.Release|Any CPU.Build.0 = Release|Any CPU
		{5509F11F-5A03-4FC7-8769-AF71CF4F61A6}.Debug|Any CPU.ActiveCfg = Debug|Any CPU
		{5509F11F-5A03-4FC7-8769-AF71CF4F61A6}.Debug|Any CPU.Build.0 = Debug|Any CPU
		{5509F11F-5A03-4FC7-8769-AF71CF4F61A6}.Release|Any CPU.ActiveCfg = Release|Any CPU
		{5509F11F-5A03-4FC7-8769-AF71CF4F61A6}.Release|Any CPU.Build.0 = Release|Any CPU
	EndGlobalSection
	GlobalSection(SolutionProperties) = preSolution
		HideSolutionNode = FALSE
	EndGlobalSection
	GlobalSection(ExtensibilityGlobals) = postSolution
		SolutionGuid = {2209BB6B-CEA1-405E-816E-42A1CD9FC604}
	EndGlobalSection
EndGlobal
