
Microsoft Visual Studio Solution File, Format Version 12.00
# Visual Studio 15
VisualStudioVersion = 15.0.28010.2019
MinimumVisualStudioVersion = 10.0.40219.1
Project("{FAE04EC0-301F-11D3-BF4B-00C04F79EFBC}") = "p_01", "p_01\p_01.csproj", "{2FA27BFC-93FC-4C07-B637-50B7DECA3A73}"
EndProject
Global
	GlobalSection(SolutionConfigurationPlatforms) = preSolution
		Debug|Any CPU = Debug|Any CPU
		Release|Any CPU = Release|Any CPU
	EndGlobalSection
	GlobalSection(ProjectConfigurationPlatforms) = postSolution
		{2FA27BFC-93FC-4C07-B637-50B7DECA3A73}.Debug|Any CPU.ActiveCfg = Debug|Any CPU
		{2FA27BFC-93FC-4C07-B637-50B7DECA3A73}.Debug|Any CPU.Build.0 = Debug|Any CPU
		{2FA27BFC-93FC-4C07-B637-50B7DECA3A73}.Release|Any CPU.ActiveCfg = Release|Any CPU
		{2FA27BFC-93FC-4C07-B637-50B7DECA3A73}.Release|Any CPU.Build.0 = Release|Any CPU
	EndGlobalSection
	GlobalSection(SolutionProperties) = preSolution
		HideSolutionNode = FALSE
	EndGlobalSection
	GlobalSection(ExtensibilityGlobals) = postSolution
		SolutionGuid = {3E7848DC-3A25-48CE-A8DB-360B77BF238A}
	EndGlobalSection
EndGlobal
