
Microsoft Visual Studio Solution File, Format Version 12.00
# Visual Studio Version 16
VisualStudioVersion = 16.0.30523.141
MinimumVisualStudioVersion = 10.0.40219.1
Project("{9A19103F-16F7-4668-BE54-9A1E7A4F7556}") = "01. SquareRoot", "01. SquareRoot\01. SquareRoot.csproj", "{7B64B574-94D3-4C86-9C18-BF182625F1FE}"
EndProject
Project("{9A19103F-16F7-4668-BE54-9A1E7A4F7556}") = "02. EnterNumbers", "02. EnterNumbers\02. EnterNumbers.csproj", "{B94B4D56-6713-49EB-9216-456405557D06}"
EndProject
Project("{FAE04EC0-301F-11D3-BF4B-00C04F79EFBC}") = "03. Fixing", "03. Fixing\03. Fixing.csproj", "{193D8F2C-AA67-49B1-91B7-F3E927B5B393}"
EndProject
Project("{FAE04EC0-301F-11D3-BF4B-00C04F79EFBC}") = "04. FixingVol2", "04. FixingVol2\04. FixingVol2.csproj", "{2A686F8B-D4D3-4972-B38C-4F1BAD7E6C0C}"
EndProject
Project("{FAE04EC0-301F-11D3-BF4B-00C04F79EFBC}") = "05. Convert.ToDouble", "05. Convert.ToDouble\05. Convert.ToDouble.csproj", "{45F91684-26BB-47F9-B303-E3352ACBF598}"
EndProject
Project("{FAE04EC0-301F-11D3-BF4B-00C04F79EFBC}") = "06. ValidPerson", "06. ValidPerson\06. ValidPerson.csproj", "{295F2565-84DC-48F2-8068-0DB518AD3A21}"
EndProject
Project("{FAE04EC0-301F-11D3-BF4B-00C04F79EFBC}") = "07. CustomException", "07. CustomException\07. CustomException.csproj", "{7CA9BA6A-D3D1-49E9-BD62-517E90B67431}"
EndProject
Global
	GlobalSection(SolutionConfigurationPlatforms) = preSolution
		Debug|Any CPU = Debug|Any CPU
		Release|Any CPU = Release|Any CPU
	EndGlobalSection
	GlobalSection(ProjectConfigurationPlatforms) = postSolution
		{7B64B574-94D3-4C86-9C18-BF182625F1FE}.Debug|Any CPU.ActiveCfg = Debug|Any CPU
		{7B64B574-94D3-4C86-9C18-BF182625F1FE}.Debug|Any CPU.Build.0 = Debug|Any CPU
		{7B64B574-94D3-4C86-9C18-BF182625F1FE}.Release|Any CPU.ActiveCfg = Release|Any CPU
		{7B64B574-94D3-4C86-9C18-BF182625F1FE}.Release|Any CPU.Build.0 = Release|Any CPU
		{B94B4D56-6713-49EB-9216-456405557D06}.Debug|Any CPU.ActiveCfg = Debug|Any CPU
		{B94B4D56-6713-49EB-9216-456405557D06}.Debug|Any CPU.Build.0 = Debug|Any CPU
		{B94B4D56-6713-49EB-9216-456405557D06}.Release|Any CPU.ActiveCfg = Release|Any CPU
		{B94B4D56-6713-49EB-9216-456405557D06}.Release|Any CPU.Build.0 = Release|Any CPU
		{193D8F2C-AA67-49B1-91B7-F3E927B5B393}.Debug|Any CPU.ActiveCfg = Debug|Any CPU
		{193D8F2C-AA67-49B1-91B7-F3E927B5B393}.Debug|Any CPU.Build.0 = Debug|Any CPU
		{193D8F2C-AA67-49B1-91B7-F3E927B5B393}.Release|Any CPU.ActiveCfg = Release|Any CPU
		{193D8F2C-AA67-49B1-91B7-F3E927B5B393}.Release|Any CPU.Build.0 = Release|Any CPU
		{2A686F8B-D4D3-4972-B38C-4F1BAD7E6C0C}.Debug|Any CPU.ActiveCfg = Debug|Any CPU
		{2A686F8B-D4D3-4972-B38C-4F1BAD7E6C0C}.Debug|Any CPU.Build.0 = Debug|Any CPU
		{2A686F8B-D4D3-4972-B38C-4F1BAD7E6C0C}.Release|Any CPU.ActiveCfg = Release|Any CPU
		{2A686F8B-D4D3-4972-B38C-4F1BAD7E6C0C}.Release|Any CPU.Build.0 = Release|Any CPU
		{45F91684-26BB-47F9-B303-E3352ACBF598}.Debug|Any CPU.ActiveCfg = Debug|Any CPU
		{45F91684-26BB-47F9-B303-E3352ACBF598}.Debug|Any CPU.Build.0 = Debug|Any CPU
		{45F91684-26BB-47F9-B303-E3352ACBF598}.Release|Any CPU.ActiveCfg = Release|Any CPU
		{45F91684-26BB-47F9-B303-E3352ACBF598}.Release|Any CPU.Build.0 = Release|Any CPU
		{295F2565-84DC-48F2-8068-0DB518AD3A21}.Debug|Any CPU.ActiveCfg = Debug|Any CPU
		{295F2565-84DC-48F2-8068-0DB518AD3A21}.Debug|Any CPU.Build.0 = Debug|Any CPU
		{295F2565-84DC-48F2-8068-0DB518AD3A21}.Release|Any CPU.ActiveCfg = Release|Any CPU
		{295F2565-84DC-48F2-8068-0DB518AD3A21}.Release|Any CPU.Build.0 = Release|Any CPU
		{7CA9BA6A-D3D1-49E9-BD62-517E90B67431}.Debug|Any CPU.ActiveCfg = Debug|Any CPU
		{7CA9BA6A-D3D1-49E9-BD62-517E90B67431}.Debug|Any CPU.Build.0 = Debug|Any CPU
		{7CA9BA6A-D3D1-49E9-BD62-517E90B67431}.Release|Any CPU.ActiveCfg = Release|Any CPU
		{7CA9BA6A-D3D1-49E9-BD62-517E90B67431}.Release|Any CPU.Build.0 = Release|Any CPU
	EndGlobalSection
	GlobalSection(SolutionProperties) = preSolution
		HideSolutionNode = FALSE
	EndGlobalSection
	GlobalSection(ExtensibilityGlobals) = postSolution
		SolutionGuid = {5F922226-C968-408B-8043-881627DC497C}
	EndGlobalSection
EndGlobal
