
Microsoft Visual Studio Solution File, Format Version 12.00
# Visual Studio 15
VisualStudioVersion = 15.0.28010.2019
MinimumVisualStudioVersion = 10.0.40219.1
Project("{FAE04EC0-301F-11D3-BF4B-00C04F79EFBC}") = "p_01", "p_01\p_01.csproj", "{4A88B0A3-8F3D-4973-A41E-5D52F395E348}"
EndProject
Global
	GlobalSection(SolutionConfigurationPlatforms) = preSolution
		Debug|Any CPU = Debug|Any CPU
		Release|Any CPU = Release|Any CPU
	EndGlobalSection
	GlobalSection(ProjectConfigurationPlatforms) = postSolution
		{4A88B0A3-8F3D-4973-A41E-5D52F395E348}.Debug|Any CPU.ActiveCfg = Debug|Any CPU
		{4A88B0A3-8F3D-4973-A41E-5D52F395E348}.Debug|Any CPU.Build.0 = Debug|Any CPU
		{4A88B0A3-8F3D-4973-A41E-5D52F395E348}.Release|Any CPU.ActiveCfg = Release|Any CPU
		{4A88B0A3-8F3D-4973-A41E-5D52F395E348}.Release|Any CPU.Build.0 = Release|Any CPU
	EndGlobalSection
	GlobalSection(SolutionProperties) = preSolution
		HideSolutionNode = FALSE
	EndGlobalSection
	GlobalSection(ExtensibilityGlobals) = postSolution
		SolutionGuid = {4AB614F5-1A4E-49E0-A980-1CD920E6FC06}
	EndGlobalSection
EndGlobal
