
Microsoft Visual Studio Solution File, Format Version 12.00
# Visual Studio Version 16
VisualStudioVersion = 16.0.30717.126
MinimumVisualStudioVersion = 10.0.40219.1
Project("{FAE04EC0-301F-11D3-BF4B-00C04F79EFBC}") = "DependencyInjectionDemo", "DependencyInjectionDemo\DependencyInjectionDemo.csproj", "{1DAA42CE-8511-4EA3-8D2B-9902ADC63016}"
EndProject
Global
	GlobalSection(SolutionConfigurationPlatforms) = preSolution
		Debug|Any CPU = Debug|Any CPU
		Release|Any CPU = Release|Any CPU
	EndGlobalSection
	GlobalSection(ProjectConfigurationPlatforms) = postSolution
		{1DAA42CE-8511-4EA3-8D2B-9902ADC63016}.Debug|Any CPU.ActiveCfg = Debug|Any CPU
		{1DAA42CE-8511-4EA3-8D2B-9902ADC63016}.Debug|Any CPU.Build.0 = Debug|Any CPU
		{1DAA42CE-8511-4EA3-8D2B-9902ADC63016}.Release|Any CPU.ActiveCfg = Release|Any CPU
		{1DAA42CE-8511-4EA3-8D2B-9902ADC63016}.Release|Any CPU.Build.0 = Release|Any CPU
	EndGlobalSection
	GlobalSection(SolutionProperties) = preSolution
		HideSolutionNode = FALSE
	EndGlobalSection
	GlobalSection(ExtensibilityGlobals) = postSolution
		SolutionGuid = {6D045FA9-DF9A-4DCB-86C2-4E0A1CF52C50}
	EndGlobalSection
EndGlobal
