
Microsoft Visual Studio Solution File, Format Version 12.00
# Visual Studio Version 16
VisualStudioVersion = 16.0.30413.136
MinimumVisualStudioVersion = 10.0.40219.1
Project("{FAE04EC0-301F-11D3-BF4B-00C04F79EFBC}") = "01.GenericBoxofString", "01.GenericBoxofString\01.GenericBoxofString.csproj", "{EF5D276A-0783-4098-A467-F8C8A095B3E3}"
EndProject
Project("{FAE04EC0-301F-11D3-BF4B-00C04F79EFBC}") = "02.GenericBoxOfInteger", "02.GenericBoxOfInteger\02.GenericBoxOfInteger.csproj", "{D6C39D2B-6084-4707-BD82-74ADBD40F718}"
EndProject
Project("{FAE04EC0-301F-11D3-BF4B-00C04F79EFBC}") = "03.GenericSwapMethodString", "03.GenericSwapMethodString\03.GenericSwapMethodString.csproj", "{6E5996CD-AB69-4735-91C7-32A1021FB349}"
EndProject
Project("{FAE04EC0-301F-11D3-BF4B-00C04F79EFBC}") = "04.GenericSwapMethodInteger", "04.GenericSwapMethodInteger\04.GenericSwapMethodInteger.csproj", "{F6FE5E0D-2D2E-47D8-A133-949258A05B34}"
EndProject
Project("{FAE04EC0-301F-11D3-BF4B-00C04F79EFBC}") = "05.GenericCountMethodString", "05.GenericCountMethodString\05.GenericCountMethodString.csproj", "{81C358D4-DE00-4F27-9DCA-0437695457AB}"
EndProject
Project("{FAE04EC0-301F-11D3-BF4B-00C04F79EFBC}") = "06.GenericCountMethodDouble", "06.GenericCountMethodDouble\06.GenericCountMethodDouble.csproj", "{4FDB39E8-DDA6-4AF8-9128-E57E7D94BEE8}"
EndProject
Project("{FAE04EC0-301F-11D3-BF4B-00C04F79EFBC}") = "07.Tuple", "07.Tuple\07.Tuple.csproj", "{E35C405F-104D-4C48-A9E9-5C72F1EA4B10}"
EndProject
Project("{FAE04EC0-301F-11D3-BF4B-00C04F79EFBC}") = "08.Threeuple", "08.Threeuple\08.Threeuple.csproj", "{919EA8CE-F6B7-4F89-8502-09E8AC71CF03}"
EndProject
Global
	GlobalSection(SolutionConfigurationPlatforms) = preSolution
		Debug|Any CPU = Debug|Any CPU
		Release|Any CPU = Release|Any CPU
	EndGlobalSection
	GlobalSection(ProjectConfigurationPlatforms) = postSolution
		{EF5D276A-0783-4098-A467-F8C8A095B3E3}.Debug|Any CPU.ActiveCfg = Debug|Any CPU
		{EF5D276A-0783-4098-A467-F8C8A095B3E3}.Debug|Any CPU.Build.0 = Debug|Any CPU
		{EF5D276A-0783-4098-A467-F8C8A095B3E3}.Release|Any CPU.ActiveCfg = Release|Any CPU
		{EF5D276A-0783-4098-A467-F8C8A095B3E3}.Release|Any CPU.Build.0 = Release|Any CPU
		{D6C39D2B-6084-4707-BD82-74ADBD40F718}.Debug|Any CPU.ActiveCfg = Debug|Any CPU
		{D6C39D2B-6084-4707-BD82-74ADBD40F718}.Debug|Any CPU.Build.0 = Debug|Any CPU
		{D6C39D2B-6084-4707-BD82-74ADBD40F718}.Release|Any CPU.ActiveCfg = Release|Any CPU
		{D6C39D2B-6084-4707-BD82-74ADBD40F718}.Release|Any CPU.Build.0 = Release|Any CPU
		{6E5996CD-AB69-4735-91C7-32A1021FB349}.Debug|Any CPU.ActiveCfg = Debug|Any CPU
		{6E5996CD-AB69-4735-91C7-32A1021FB349}.Debug|Any CPU.Build.0 = Debug|Any CPU
		{6E5996CD-AB69-4735-91C7-32A1021FB349}.Release|Any CPU.ActiveCfg = Release|Any CPU
		{6E5996CD-AB69-4735-91C7-32A1021FB349}.Release|Any CPU.Build.0 = Release|Any CPU
		{F6FE5E0D-2D2E-47D8-A133-949258A05B34}.Debug|Any CPU.ActiveCfg = Debug|Any CPU
		{F6FE5E0D-2D2E-47D8-A133-949258A05B34}.Debug|Any CPU.Build.0 = Debug|Any CPU
		{F6FE5E0D-2D2E-47D8-A133-949258A05B34}.Release|Any CPU.ActiveCfg = Release|Any CPU
		{F6FE5E0D-2D2E-47D8-A133-949258A05B34}.Release|Any CPU.Build.0 = Release|Any CPU
		{81C358D4-DE00-4F27-9DCA-0437695457AB}.Debug|Any CPU.ActiveCfg = Debug|Any CPU
		{81C358D4-DE00-4F27-9DCA-0437695457AB}.Debug|Any CPU.Build.0 = Debug|Any CPU
		{81C358D4-DE00-4F27-9DCA-0437695457AB}.Release|Any CPU.ActiveCfg = Release|Any CPU
		{81C358D4-DE00-4F27-9DCA-0437695457AB}.Release|Any CPU.Build.0 = Release|Any CPU
		{4FDB39E8-DDA6-4AF8-9128-E57E7D94BEE8}.Debug|Any CPU.ActiveCfg = Debug|Any CPU
		{4FDB39E8-DDA6-4AF8-9128-E57E7D94BEE8}.Debug|Any CPU.Build.0 = Debug|Any CPU
		{4FDB39E8-DDA6-4AF8-9128-E57E7D94BEE8}.Release|Any CPU.ActiveCfg = Release|Any CPU
		{4FDB39E8-DDA6-4AF8-9128-E57E7D94BEE8}.Release|Any CPU.Build.0 = Release|Any CPU
		{E35C405F-104D-4C48-A9E9-5C72F1EA4B10}.Debug|Any CPU.ActiveCfg = Debug|Any CPU
		{E35C405F-104D-4C48-A9E9-5C72F1EA4B10}.Debug|Any CPU.Build.0 = Debug|Any CPU
		{E35C405F-104D-4C48-A9E9-5C72F1EA4B10}.Release|Any CPU.ActiveCfg = Release|Any CPU
		{E35C405F-104D-4C48-A9E9-5C72F1EA4B10}.Release|Any CPU.Build.0 = Release|Any CPU
		{919EA8CE-F6B7-4F89-8502-09E8AC71CF03}.Debug|Any CPU.ActiveCfg = Debug|Any CPU
		{919EA8CE-F6B7-4F89-8502-09E8AC71CF03}.Debug|Any CPU.Build.0 = Debug|Any CPU
		{919EA8CE-F6B7-4F89-8502-09E8AC71CF03}.Release|Any CPU.ActiveCfg = Release|Any CPU
		{919EA8CE-F6B7-4F89-8502-09E8AC71CF03}.Release|Any CPU.Build.0 = Release|Any CPU
	EndGlobalSection
	GlobalSection(SolutionProperties) = preSolution
		HideSolutionNode = FALSE
	EndGlobalSection
	GlobalSection(ExtensibilityGlobals) = postSolution
		SolutionGuid = {BE5B083D-DB39-4C7E-B523-94153F251D75}
	EndGlobalSection
EndGlobal
