
Microsoft Visual Studio Solution File, Format Version 12.00
# Visual Studio 15
VisualStudioVersion = 15.0.28010.2019
MinimumVisualStudioVersion = 10.0.40219.1
Project("{FAE04EC0-301F-11D3-BF4B-00C04F79EFBC}") = "01.DayОfWeek", "01.DayОfWeek\01.DayОfWeek.csproj", "{C046E985-A1FF-4803-9CBD-239BD9C6B4C2}"
EndProject
Project("{FAE04EC0-301F-11D3-BF4B-00C04F79EFBC}") = "02.PrintNumbersInReverseOrder", "02.PrintNumbersInReverseOrder\02.PrintNumbersInReverseOrder.csproj", "{2EBCD3AB-F922-47C1-AA10-E09B91DE114F}"
EndProject
Project("{FAE04EC0-301F-11D3-BF4B-00C04F79EFBC}") = "03.RoundingNumbers", "03.RoundingNumbers\03.RoundingNumbers.csproj", "{E653C447-32AB-42B7-A108-AE7ADBAA5771}"
EndProject
Project("{FAE04EC0-301F-11D3-BF4B-00C04F79EFBC}") = "04.ReverseArrayОfStrings", "04.ReverseArrayОfStrings\04.ReverseArrayОfStrings.csproj", "{A08E3971-64E5-45E3-A75A-2B6FD735245C}"
EndProject
Project("{FAE04EC0-301F-11D3-BF4B-00C04F79EFBC}") = "05.SumEvenNumbers", "05.SumEvenNumbers\05.SumEvenNumbers.csproj", "{C78EF1A4-27F7-47EB-A701-28B7BF9C1405}"
EndProject
Project("{FAE04EC0-301F-11D3-BF4B-00C04F79EFBC}") = "06.EvenAndOddSubtraction", "06.EvenAndOddSubtraction\06.EvenAndOddSubtraction.csproj", "{57AF0285-8556-4B3F-AE47-11A0DF08EF3A}"
EndProject
Project("{FAE04EC0-301F-11D3-BF4B-00C04F79EFBC}") = "07.EqualArrays", "07.EqualArrays\07.EqualArrays.csproj", "{396E4A5F-4F7E-467E-82D7-E0167AE9F43B}"
EndProject
Project("{FAE04EC0-301F-11D3-BF4B-00C04F79EFBC}") = "08.CondenseArrayToNumber", "08.CondenseArrayToNumber\08.CondenseArrayToNumber.csproj", "{5FC2962D-210B-4B1A-BB66-419E581C025B}"
EndProject
Global
	GlobalSection(SolutionConfigurationPlatforms) = preSolution
		Debug|Any CPU = Debug|Any CPU
		Release|Any CPU = Release|Any CPU
	EndGlobalSection
	GlobalSection(ProjectConfigurationPlatforms) = postSolution
		{C046E985-A1FF-4803-9CBD-239BD9C6B4C2}.Debug|Any CPU.ActiveCfg = Debug|Any CPU
		{C046E985-A1FF-4803-9CBD-239BD9C6B4C2}.Debug|Any CPU.Build.0 = Debug|Any CPU
		{C046E985-A1FF-4803-9CBD-239BD9C6B4C2}.Release|Any CPU.ActiveCfg = Release|Any CPU
		{C046E985-A1FF-4803-9CBD-239BD9C6B4C2}.Release|Any CPU.Build.0 = Release|Any CPU
		{2EBCD3AB-F922-47C1-AA10-E09B91DE114F}.Debug|Any CPU.ActiveCfg = Debug|Any CPU
		{2EBCD3AB-F922-47C1-AA10-E09B91DE114F}.Debug|Any CPU.Build.0 = Debug|Any CPU
		{2EBCD3AB-F922-47C1-AA10-E09B91DE114F}.Release|Any CPU.ActiveCfg = Release|Any CPU
		{2EBCD3AB-F922-47C1-AA10-E09B91DE114F}.Release|Any CPU.Build.0 = Release|Any CPU
		{E653C447-32AB-42B7-A108-AE7ADBAA5771}.Debug|Any CPU.ActiveCfg = Debug|Any CPU
		{E653C447-32AB-42B7-A108-AE7ADBAA5771}.Debug|Any CPU.Build.0 = Debug|Any CPU
		{E653C447-32AB-42B7-A108-AE7ADBAA5771}.Release|Any CPU.ActiveCfg = Release|Any CPU
		{E653C447-32AB-42B7-A108-AE7ADBAA5771}.Release|Any CPU.Build.0 = Release|Any CPU
		{A08E3971-64E5-45E3-A75A-2B6FD735245C}.Debug|Any CPU.ActiveCfg = Debug|Any CPU
		{A08E3971-64E5-45E3-A75A-2B6FD735245C}.Debug|Any CPU.Build.0 = Debug|Any CPU
		{A08E3971-64E5-45E3-A75A-2B6FD735245C}.Release|Any CPU.ActiveCfg = Release|Any CPU
		{A08E3971-64E5-45E3-A75A-2B6FD735245C}.Release|Any CPU.Build.0 = Release|Any CPU
		{C78EF1A4-27F7-47EB-A701-28B7BF9C1405}.Debug|Any CPU.ActiveCfg = Debug|Any CPU
		{C78EF1A4-27F7-47EB-A701-28B7BF9C1405}.Debug|Any CPU.Build.0 = Debug|Any CPU
		{C78EF1A4-27F7-47EB-A701-28B7BF9C1405}.Release|Any CPU.ActiveCfg = Release|Any CPU
		{C78EF1A4-27F7-47EB-A701-28B7BF9C1405}.Release|Any CPU.Build.0 = Release|Any CPU
		{57AF0285-8556-4B3F-AE47-11A0DF08EF3A}.Debug|Any CPU.ActiveCfg = Debug|Any CPU
		{57AF0285-8556-4B3F-AE47-11A0DF08EF3A}.Debug|Any CPU.Build.0 = Debug|Any CPU
		{57AF0285-8556-4B3F-AE47-11A0DF08EF3A}.Release|Any CPU.ActiveCfg = Release|Any CPU
		{57AF0285-8556-4B3F-AE47-11A0DF08EF3A}.Release|Any CPU.Build.0 = Release|Any CPU
		{396E4A5F-4F7E-467E-82D7-E0167AE9F43B}.Debug|Any CPU.ActiveCfg = Debug|Any CPU
		{396E4A5F-4F7E-467E-82D7-E0167AE9F43B}.Debug|Any CPU.Build.0 = Debug|Any CPU
		{396E4A5F-4F7E-467E-82D7-E0167AE9F43B}.Release|Any CPU.ActiveCfg = Release|Any CPU
		{396E4A5F-4F7E-467E-82D7-E0167AE9F43B}.Release|Any CPU.Build.0 = Release|Any CPU
		{5FC2962D-210B-4B1A-BB66-419E581C025B}.Debug|Any CPU.ActiveCfg = Debug|Any CPU
		{5FC2962D-210B-4B1A-BB66-419E581C025B}.Debug|Any CPU.Build.0 = Debug|Any CPU
		{5FC2962D-210B-4B1A-BB66-419E581C025B}.Release|Any CPU.ActiveCfg = Release|Any CPU
		{5FC2962D-210B-4B1A-BB66-419E581C025B}.Release|Any CPU.Build.0 = Release|Any CPU
	EndGlobalSection
	GlobalSection(SolutionProperties) = preSolution
		HideSolutionNode = FALSE
	EndGlobalSection
	GlobalSection(ExtensibilityGlobals) = postSolution
		SolutionGuid = {B963B978-3C85-4466-9ED5-847DB5F517ED}
	EndGlobalSection
EndGlobal
