
Microsoft Visual Studio Solution File, Format Version 12.00
# Visual Studio 15
VisualStudioVersion = 15.0.28010.2050
MinimumVisualStudioVersion = 10.0.40219.1
Project("{9A19103F-16F7-4668-BE54-9A1E7A4F7556}") = "01.DiagonalDifference", "01.DiagonalDifference\01.DiagonalDifference.csproj", "{5A914D49-6A2F-49BE-A0D7-9C1531152138}"
EndProject
Project("{9A19103F-16F7-4668-BE54-9A1E7A4F7556}") = "02.SquaresInMatrix", "02.SquaresInMatrix\02.SquaresInMatrix.csproj", "{5622A351-078A-4ACA-877E-5BFF1ADD4238}"
EndProject
Project("{9A19103F-16F7-4668-BE54-9A1E7A4F7556}") = "03.MaximalSum", "03.MaximalSum\03.MaximalSum.csproj", "{5B0106E7-35BA-4595-A889-071C43156450}"
EndProject
Project("{9A19103F-16F7-4668-BE54-9A1E7A4F7556}") = "04.MatrixShuffling", "04.MatrixShuffling\04.MatrixShuffling.csproj", "{C8DB877B-BA89-420F-8AC7-73A3AB866539}"
EndProject
Project("{9A19103F-16F7-4668-BE54-9A1E7A4F7556}") = "05.SnakeMoves", "05.SnakeMoves\05.SnakeMoves.csproj", "{C35446AA-68CB-4CF7-BF7E-03D0C1B83ABD}"
EndProject
Project("{9A19103F-16F7-4668-BE54-9A1E7A4F7556}") = "06.BombTheBasement", "06.BombTheBasement\06.BombTheBasement.csproj", "{46FD0B38-E159-4E10-89CE-D4130A094E7D}"
EndProject
Project("{9A19103F-16F7-4668-BE54-9A1E7A4F7556}") = "07.KnightGame", "07.KnightGame\07.KnightGame.csproj", "{BE37CC67-B55E-4D6E-8767-21A34FCC2965}"
EndProject
Project("{9A19103F-16F7-4668-BE54-9A1E7A4F7556}") = "08.Bombs", "08.Bombs\08.Bombs.csproj", "{B299B46B-27FE-4773-8B59-CCD6C0A3D93D}"
EndProject
Project("{9A19103F-16F7-4668-BE54-9A1E7A4F7556}") = "09.Miner", "09.Miner\09.Miner.csproj", "{2775CF1E-2DD1-4969-A205-3C74F69707BD}"
EndProject
Project("{FAE04EC0-301F-11D3-BF4B-00C04F79EFBC}") = "10.RadioactiveMutantVampireBunnies", "10.RadioactiveMutantVampireBunnies\10.RadioactiveMutantVampireBunnies.csproj", "{B8B9559D-0119-4FC8-91EB-5062FA447DC0}"
EndProject
Global
	GlobalSection(SolutionConfigurationPlatforms) = preSolution
		Debug|Any CPU = Debug|Any CPU
		Release|Any CPU = Release|Any CPU
	EndGlobalSection
	GlobalSection(ProjectConfigurationPlatforms) = postSolution
		{5A914D49-6A2F-49BE-A0D7-9C1531152138}.Debug|Any CPU.ActiveCfg = Debug|Any CPU
		{5A914D49-6A2F-49BE-A0D7-9C1531152138}.Debug|Any CPU.Build.0 = Debug|Any CPU
		{5A914D49-6A2F-49BE-A0D7-9C1531152138}.Release|Any CPU.ActiveCfg = Release|Any CPU
		{5A914D49-6A2F-49BE-A0D7-9C1531152138}.Release|Any CPU.Build.0 = Release|Any CPU
		{5622A351-078A-4ACA-877E-5BFF1ADD4238}.Debug|Any CPU.ActiveCfg = Debug|Any CPU
		{5622A351-078A-4ACA-877E-5BFF1ADD4238}.Debug|Any CPU.Build.0 = Debug|Any CPU
		{5622A351-078A-4ACA-877E-5BFF1ADD4238}.Release|Any CPU.ActiveCfg = Release|Any CPU
		{5622A351-078A-4ACA-877E-5BFF1ADD4238}.Release|Any CPU.Build.0 = Release|Any CPU
		{5B0106E7-35BA-4595-A889-071C43156450}.Debug|Any CPU.ActiveCfg = Debug|Any CPU
		{5B0106E7-35BA-4595-A889-071C43156450}.Debug|Any CPU.Build.0 = Debug|Any CPU
		{5B0106E7-35BA-4595-A889-071C43156450}.Release|Any CPU.ActiveCfg = Release|Any CPU
		{5B0106E7-35BA-4595-A889-071C43156450}.Release|Any CPU.Build.0 = Release|Any CPU
		{C8DB877B-BA89-420F-8AC7-73A3AB866539}.Debug|Any CPU.ActiveCfg = Debug|Any CPU
		{C8DB877B-BA89-420F-8AC7-73A3AB866539}.Debug|Any CPU.Build.0 = Debug|Any CPU
		{C8DB877B-BA89-420F-8AC7-73A3AB866539}.Release|Any CPU.ActiveCfg = Release|Any CPU
		{C8DB877B-BA89-420F-8AC7-73A3AB866539}.Release|Any CPU.Build.0 = Release|Any CPU
		{C35446AA-68CB-4CF7-BF7E-03D0C1B83ABD}.Debug|Any CPU.ActiveCfg = Debug|Any CPU
		{C35446AA-68CB-4CF7-BF7E-03D0C1B83ABD}.Debug|Any CPU.Build.0 = Debug|Any CPU
		{C35446AA-68CB-4CF7-BF7E-03D0C1B83ABD}.Release|Any CPU.ActiveCfg = Release|Any CPU
		{C35446AA-68CB-4CF7-BF7E-03D0C1B83ABD}.Release|Any CPU.Build.0 = Release|Any CPU
		{46FD0B38-E159-4E10-89CE-D4130A094E7D}.Debug|Any CPU.ActiveCfg = Debug|Any CPU
		{46FD0B38-E159-4E10-89CE-D4130A094E7D}.Debug|Any CPU.Build.0 = Debug|Any CPU
		{46FD0B38-E159-4E10-89CE-D4130A094E7D}.Release|Any CPU.ActiveCfg = Release|Any CPU
		{46FD0B38-E159-4E10-89CE-D4130A094E7D}.Release|Any CPU.Build.0 = Release|Any CPU
		{BE37CC67-B55E-4D6E-8767-21A34FCC2965}.Debug|Any CPU.ActiveCfg = Debug|Any CPU
		{BE37CC67-B55E-4D6E-8767-21A34FCC2965}.Debug|Any CPU.Build.0 = Debug|Any CPU
		{BE37CC67-B55E-4D6E-8767-21A34FCC2965}.Release|Any CPU.ActiveCfg = Release|Any CPU
		{BE37CC67-B55E-4D6E-8767-21A34FCC2965}.Release|Any CPU.Build.0 = Release|Any CPU
		{B299B46B-27FE-4773-8B59-CCD6C0A3D93D}.Debug|Any CPU.ActiveCfg = Debug|Any CPU
		{B299B46B-27FE-4773-8B59-CCD6C0A3D93D}.Debug|Any CPU.Build.0 = Debug|Any CPU
		{B299B46B-27FE-4773-8B59-CCD6C0A3D93D}.Release|Any CPU.ActiveCfg = Release|Any CPU
		{B299B46B-27FE-4773-8B59-CCD6C0A3D93D}.Release|Any CPU.Build.0 = Release|Any CPU
		{2775CF1E-2DD1-4969-A205-3C74F69707BD}.Debug|Any CPU.ActiveCfg = Debug|Any CPU
		{2775CF1E-2DD1-4969-A205-3C74F69707BD}.Debug|Any CPU.Build.0 = Debug|Any CPU
		{2775CF1E-2DD1-4969-A205-3C74F69707BD}.Release|Any CPU.ActiveCfg = Release|Any CPU
		{2775CF1E-2DD1-4969-A205-3C74F69707BD}.Release|Any CPU.Build.0 = Release|Any CPU
		{B8B9559D-0119-4FC8-91EB-5062FA447DC0}.Debug|Any CPU.ActiveCfg = Debug|Any CPU
		{B8B9559D-0119-4FC8-91EB-5062FA447DC0}.Debug|Any CPU.Build.0 = Debug|Any CPU
		{B8B9559D-0119-4FC8-91EB-5062FA447DC0}.Release|Any CPU.ActiveCfg = Release|Any CPU
		{B8B9559D-0119-4FC8-91EB-5062FA447DC0}.Release|Any CPU.Build.0 = Release|Any CPU
	EndGlobalSection
	GlobalSection(SolutionProperties) = preSolution
		HideSolutionNode = FALSE
	EndGlobalSection
	GlobalSection(ExtensibilityGlobals) = postSolution
		SolutionGuid = {C6F65E93-4DD3-465B-93FD-7CDF7B7F0897}
	EndGlobalSection
EndGlobal
