
Microsoft Visual Studio Solution File, Format Version 12.00
# Visual Studio 15
VisualStudioVersion = 15.0.28010.2019
MinimumVisualStudioVersion = 10.0.40219.1
Project("{FAE04EC0-301F-11D3-BF4B-00C04F79EFBC}") = "01.Ranking", "01.Ranking\01.Ranking.csproj", "{20B448C1-9367-4B09-AA63-0BDCADE76066}"
EndProject
Global
	GlobalSection(SolutionConfigurationPlatforms) = preSolution
		Debug|Any CPU = Debug|Any CPU
		Release|Any CPU = Release|Any CPU
	EndGlobalSection
	GlobalSection(ProjectConfigurationPlatforms) = postSolution
		{20B448C1-9367-4B09-AA63-0BDCADE76066}.Debug|Any CPU.ActiveCfg = Debug|Any CPU
		{20B448C1-9367-4B09-AA63-0BDCADE76066}.Debug|Any CPU.Build.0 = Debug|Any CPU
		{20B448C1-9367-4B09-AA63-0BDCADE76066}.Release|Any CPU.ActiveCfg = Release|Any CPU
		{20B448C1-9367-4B09-AA63-0BDCADE76066}.Release|Any CPU.Build.0 = Release|Any CPU
	EndGlobalSection
	GlobalSection(SolutionProperties) = preSolution
		HideSolutionNode = FALSE
	EndGlobalSection
	GlobalSection(ExtensibilityGlobals) = postSolution
		SolutionGuid = {3B8D056C-E65C-4592-9FD7-87CE69DD0AEC}
	EndGlobalSection
EndGlobal
