
Microsoft Visual Studio Solution File, Format Version 12.00
# Visual Studio 15
VisualStudioVersion = 15.0.28010.2050
MinimumVisualStudioVersion = 10.0.40219.1
Project("{9A19103F-16F7-4668-BE54-9A1E7A4F7556}") = "02.Tagram", "02.Tagram\02.Tagram.csproj", "{F3399579-D9BD-427B-AFF7-17A4E1F7BD1C}"
EndProject
Project("{9A19103F-16F7-4668-BE54-9A1E7A4F7556}") = "03.Miner", "03.Miner\03.Miner.csproj", "{7F57F5F2-8440-40ED-9A00-F76617675E4A}"
EndProject
Project("{FAE04EC0-301F-11D3-BF4B-00C04F79EFBC}") = "04.CupsAndBottles", "04.CupsAndBottles\04.CupsAndBottles.csproj", "{3D1EA97A-1526-4F7D-A8ED-F0497E3689F1}"
EndProject
Global
	GlobalSection(SolutionConfigurationPlatforms) = preSolution
		Debug|Any CPU = Debug|Any CPU
		Release|Any CPU = Release|Any CPU
	EndGlobalSection
	GlobalSection(ProjectConfigurationPlatforms) = postSolution
		{F3399579-D9BD-427B-AFF7-17A4E1F7BD1C}.Debug|Any CPU.ActiveCfg = Debug|Any CPU
		{F3399579-D9BD-427B-AFF7-17A4E1F7BD1C}.Debug|Any CPU.Build.0 = Debug|Any CPU
		{F3399579-D9BD-427B-AFF7-17A4E1F7BD1C}.Release|Any CPU.ActiveCfg = Release|Any CPU
		{F3399579-D9BD-427B-AFF7-17A4E1F7BD1C}.Release|Any CPU.Build.0 = Release|Any CPU
		{7F57F5F2-8440-40ED-9A00-F76617675E4A}.Debug|Any CPU.ActiveCfg = Debug|Any CPU
		{7F57F5F2-8440-40ED-9A00-F76617675E4A}.Debug|Any CPU.Build.0 = Debug|Any CPU
		{7F57F5F2-8440-40ED-9A00-F76617675E4A}.Release|Any CPU.ActiveCfg = Release|Any CPU
		{7F57F5F2-8440-40ED-9A00-F76617675E4A}.Release|Any CPU.Build.0 = Release|Any CPU
		{3D1EA97A-1526-4F7D-A8ED-F0497E3689F1}.Debug|Any CPU.ActiveCfg = Debug|Any CPU
		{3D1EA97A-1526-4F7D-A8ED-F0497E3689F1}.Debug|Any CPU.Build.0 = Debug|Any CPU
		{3D1EA97A-1526-4F7D-A8ED-F0497E3689F1}.Release|Any CPU.ActiveCfg = Release|Any CPU
		{3D1EA97A-1526-4F7D-A8ED-F0497E3689F1}.Release|Any CPU.Build.0 = Release|Any CPU
	EndGlobalSection
	GlobalSection(SolutionProperties) = preSolution
		HideSolutionNode = FALSE
	EndGlobalSection
	GlobalSection(ExtensibilityGlobals) = postSolution
		SolutionGuid = {DF133A33-CD95-4EAD-961C-A4E258DBC7A5}
	EndGlobalSection
EndGlobal
