
Microsoft Visual Studio Solution File, Format Version 12.00
# Visual Studio Version 16
VisualStudioVersion = 16.0.30907.101
MinimumVisualStudioVersion = 10.0.40219.1
Project("{FAE04EC0-301F-11D3-BF4B-00C04F79EFBC}") = "Database-First", "Demo\Database-First.csproj", "{19A5A831-A6A2-494D-9352-B4F6753136D8}"
EndProject
Project("{FAE04EC0-301F-11D3-BF4B-00C04F79EFBC}") = "Code-First", "Code-First\Code-First.csproj", "{F006A60F-80B2-4931-B0F6-8DA8619E570A}"
EndProject
Global
	GlobalSection(SolutionConfigurationPlatforms) = preSolution
		Debug|Any CPU = Debug|Any CPU
		Release|Any CPU = Release|Any CPU
	EndGlobalSection
	GlobalSection(ProjectConfigurationPlatforms) = postSolution
		{19A5A831-A6A2-494D-9352-B4F6753136D8}.Debug|Any CPU.ActiveCfg = Debug|Any CPU
		{19A5A831-A6A2-494D-9352-B4F6753136D8}.Debug|Any CPU.Build.0 = Debug|Any CPU
		{19A5A831-A6A2-494D-9352-B4F6753136D8}.Release|Any CPU.ActiveCfg = Release|Any CPU
		{19A5A831-A6A2-494D-9352-B4F6753136D8}.Release|Any CPU.Build.0 = Release|Any CPU
		{F006A60F-80B2-4931-B0F6-8DA8619E570A}.Debug|Any CPU.ActiveCfg = Debug|Any CPU
		{F006A60F-80B2-4931-B0F6-8DA8619E570A}.Debug|Any CPU.Build.0 = Debug|Any CPU
		{F006A60F-80B2-4931-B0F6-8DA8619E570A}.Release|Any CPU.ActiveCfg = Release|Any CPU
		{F006A60F-80B2-4931-B0F6-8DA8619E570A}.Release|Any CPU.Build.0 = Release|Any CPU
	EndGlobalSection
	GlobalSection(SolutionProperties) = preSolution
		HideSolutionNode = FALSE
	EndGlobalSection
	GlobalSection(ExtensibilityGlobals) = postSolution
		SolutionGuid = {7909AC22-791C-438B-B509-0C4ABECE8BE2}
	EndGlobalSection
EndGlobal
