
Microsoft Visual Studio Solution File, Format Version 12.00
# Visual Studio 15
VisualStudioVersion = 15.0.28010.2019
MinimumVisualStudioVersion = 10.0.40219.1
Project("{FAE04EC0-301F-11D3-BF4B-00C04F79EFBC}") = "p_01", "p_01\p_01.csproj", "{55DB1A43-A664-4A60-86A7-EC0D0741C45B}"
EndProject
Project("{FAE04EC0-301F-11D3-BF4B-00C04F79EFBC}") = "p_02", "p_02\p_02.csproj", "{22652687-DAA1-4886-A530-5672B7CFE796}"
EndProject
Global
	GlobalSection(SolutionConfigurationPlatforms) = preSolution
		Debug|Any CPU = Debug|Any CPU
		Release|Any CPU = Release|Any CPU
	EndGlobalSection
	GlobalSection(ProjectConfigurationPlatforms) = postSolution
		{55DB1A43-A664-4A60-86A7-EC0D0741C45B}.Debug|Any CPU.ActiveCfg = Debug|Any CPU
		{55DB1A43-A664-4A60-86A7-EC0D0741C45B}.Debug|Any CPU.Build.0 = Debug|Any CPU
		{55DB1A43-A664-4A60-86A7-EC0D0741C45B}.Release|Any CPU.ActiveCfg = Release|Any CPU
		{55DB1A43-A664-4A60-86A7-EC0D0741C45B}.Release|Any CPU.Build.0 = Release|Any CPU
		{22652687-DAA1-4886-A530-5672B7CFE796}.Debug|Any CPU.ActiveCfg = Debug|Any CPU
		{22652687-DAA1-4886-A530-5672B7CFE796}.Debug|Any CPU.Build.0 = Debug|Any CPU
		{22652687-DAA1-4886-A530-5672B7CFE796}.Release|Any CPU.ActiveCfg = Release|Any CPU
		{22652687-DAA1-4886-A530-5672B7CFE796}.Release|Any CPU.Build.0 = Release|Any CPU
	EndGlobalSection
	GlobalSection(SolutionProperties) = preSolution
		HideSolutionNode = FALSE
	EndGlobalSection
	GlobalSection(ExtensibilityGlobals) = postSolution
		SolutionGuid = {20106B46-F1F5-4B30-B52D-9EE7F488EA53}
	EndGlobalSection
EndGlobal
