
Microsoft Visual Studio Solution File, Format Version 12.00
# Visual Studio 15
VisualStudioVersion = 15.0.28010.2019
MinimumVisualStudioVersion = 10.0.40219.1
Project("{FAE04EC0-301F-11D3-BF4B-00C04F79EFBC}") = "p_01", "p_01\p_01.csproj", "{ECE3E5D3-FC33-443D-9A05-ACFED9981FF1}"
EndProject
Project("{FAE04EC0-301F-11D3-BF4B-00C04F79EFBC}") = "p_02", "p_02\p_02.csproj", "{4E123170-DB6F-4687-BBCE-CB111669DA9C}"
EndProject
Global
	GlobalSection(SolutionConfigurationPlatforms) = preSolution
		Debug|Any CPU = Debug|Any CPU
		Release|Any CPU = Release|Any CPU
	EndGlobalSection
	GlobalSection(ProjectConfigurationPlatforms) = postSolution
		{ECE3E5D3-FC33-443D-9A05-ACFED9981FF1}.Debug|Any CPU.ActiveCfg = Debug|Any CPU
		{ECE3E5D3-FC33-443D-9A05-ACFED9981FF1}.Debug|Any CPU.Build.0 = Debug|Any CPU
		{ECE3E5D3-FC33-443D-9A05-ACFED9981FF1}.Release|Any CPU.ActiveCfg = Release|Any CPU
		{ECE3E5D3-FC33-443D-9A05-ACFED9981FF1}.Release|Any CPU.Build.0 = Release|Any CPU
		{4E123170-DB6F-4687-BBCE-CB111669DA9C}.Debug|Any CPU.ActiveCfg = Debug|Any CPU
		{4E123170-DB6F-4687-BBCE-CB111669DA9C}.Debug|Any CPU.Build.0 = Debug|Any CPU
		{4E123170-DB6F-4687-BBCE-CB111669DA9C}.Release|Any CPU.ActiveCfg = Release|Any CPU
		{4E123170-DB6F-4687-BBCE-CB111669DA9C}.Release|Any CPU.Build.0 = Release|Any CPU
	EndGlobalSection
	GlobalSection(SolutionProperties) = preSolution
		HideSolutionNode = FALSE
	EndGlobalSection
	GlobalSection(ExtensibilityGlobals) = postSolution
		SolutionGuid = {F99698A8-AB67-4FA6-8098-334E1FFD00D3}
	EndGlobalSection
EndGlobal
