
Microsoft Visual Studio Solution File, Format Version 12.00
# Visual Studio 15
VisualStudioVersion = 15.0.28307.106
MinimumVisualStudioVersion = 10.0.40219.1
Project("{FAE04EC0-301F-11D3-BF4B-00C04F79EFBC}") = "Library", "Library\Library.csproj", "{9CE5B919-BF1B-4729-9F44-C105778E2786}"
EndProject
Global
	GlobalSection(SolutionConfigurationPlatforms) = preSolution
		Debug|Any CPU = Debug|Any CPU
		Release|Any CPU = Release|Any CPU
	EndGlobalSection
	GlobalSection(ProjectConfigurationPlatforms) = postSolution
		{9CE5B919-BF1B-4729-9F44-C105778E2786}.Debug|Any CPU.ActiveCfg = Debug|Any CPU
		{9CE5B919-BF1B-4729-9F44-C105778E2786}.Debug|Any CPU.Build.0 = Debug|Any CPU
		{9CE5B919-BF1B-4729-9F44-C105778E2786}.Release|Any CPU.ActiveCfg = Release|Any CPU
		{9CE5B919-BF1B-4729-9F44-C105778E2786}.Release|Any CPU.Build.0 = Release|Any CPU
	EndGlobalSection
	GlobalSection(SolutionProperties) = preSolution
		HideSolutionNode = FALSE
	EndGlobalSection
	GlobalSection(ExtensibilityGlobals) = postSolution
		SolutionGuid = {64D0D7A0-0C04-4FC4-B408-1536A53D6F45}
	EndGlobalSection
EndGlobal
