
Microsoft Visual Studio Solution File, Format Version 12.00
# Visual Studio 15
VisualStudioVersion = 15.0.28010.2050
MinimumVisualStudioVersion = 10.0.40219.1
Project("{FAE04EC0-301F-11D3-BF4B-00C04F79EFBC}") = "p_03", "p_03\p_03.csproj", "{57D8DF88-9F9B-4340-A6D1-367BA255058E}"
EndProject
Project("{FAE04EC0-301F-11D3-BF4B-00C04F79EFBC}") = "p_04", "p_04\p_04.csproj", "{7E845B9C-36A9-4B73-A8BF-428BA4181D3D}"
EndProject
Global
	GlobalSection(SolutionConfigurationPlatforms) = preSolution
		Debug|Any CPU = Debug|Any CPU
		Release|Any CPU = Release|Any CPU
	EndGlobalSection
	GlobalSection(ProjectConfigurationPlatforms) = postSolution
		{57D8DF88-9F9B-4340-A6D1-367BA255058E}.Debug|Any CPU.ActiveCfg = Debug|Any CPU
		{57D8DF88-9F9B-4340-A6D1-367BA255058E}.Debug|Any CPU.Build.0 = Debug|Any CPU
		{57D8DF88-9F9B-4340-A6D1-367BA255058E}.Release|Any CPU.ActiveCfg = Release|Any CPU
		{57D8DF88-9F9B-4340-A6D1-367BA255058E}.Release|Any CPU.Build.0 = Release|Any CPU
		{7E845B9C-36A9-4B73-A8BF-428BA4181D3D}.Debug|Any CPU.ActiveCfg = Debug|Any CPU
		{7E845B9C-36A9-4B73-A8BF-428BA4181D3D}.Debug|Any CPU.Build.0 = Debug|Any CPU
		{7E845B9C-36A9-4B73-A8BF-428BA4181D3D}.Release|Any CPU.ActiveCfg = Release|Any CPU
		{7E845B9C-36A9-4B73-A8BF-428BA4181D3D}.Release|Any CPU.Build.0 = Release|Any CPU
	EndGlobalSection
	GlobalSection(SolutionProperties) = preSolution
		HideSolutionNode = FALSE
	EndGlobalSection
	GlobalSection(ExtensibilityGlobals) = postSolution
		SolutionGuid = {1057BBAB-20BC-4458-A6EC-899431EB3C24}
	EndGlobalSection
EndGlobal
