
Microsoft Visual Studio Solution File, Format Version 12.00
# Visual Studio 15
VisualStudioVersion = 15.0.28010.2019
MinimumVisualStudioVersion = 10.0.40219.1
Project("{FAE04EC0-301F-11D3-BF4B-00C04F79EFBC}") = "p_01", "p_01\p_01.csproj", "{C9DB6BB2-A796-449A-A0A0-235B6AD20B42}"
EndProject
Project("{FAE04EC0-301F-11D3-BF4B-00C04F79EFBC}") = "p_02", "p_02\p_02.csproj", "{F3232771-AFD5-4679-BE58-6A1AC46FEC85}"
EndProject
Project("{FAE04EC0-301F-11D3-BF4B-00C04F79EFBC}") = "p_04", "p_04\p_04.csproj", "{4AE39595-79B2-47C1-A459-A6C29ADF80EB}"
EndProject
Global
	GlobalSection(SolutionConfigurationPlatforms) = preSolution
		Debug|Any CPU = Debug|Any CPU
		Release|Any CPU = Release|Any CPU
	EndGlobalSection
	GlobalSection(ProjectConfigurationPlatforms) = postSolution
		{C9DB6BB2-A796-449A-A0A0-235B6AD20B42}.Debug|Any CPU.ActiveCfg = Debug|Any CPU
		{C9DB6BB2-A796-449A-A0A0-235B6AD20B42}.Debug|Any CPU.Build.0 = Debug|Any CPU
		{C9DB6BB2-A796-449A-A0A0-235B6AD20B42}.Release|Any CPU.ActiveCfg = Release|Any CPU
		{C9DB6BB2-A796-449A-A0A0-235B6AD20B42}.Release|Any CPU.Build.0 = Release|Any CPU
		{F3232771-AFD5-4679-BE58-6A1AC46FEC85}.Debug|Any CPU.ActiveCfg = Debug|Any CPU
		{F3232771-AFD5-4679-BE58-6A1AC46FEC85}.Debug|Any CPU.Build.0 = Debug|Any CPU
		{F3232771-AFD5-4679-BE58-6A1AC46FEC85}.Release|Any CPU.ActiveCfg = Release|Any CPU
		{F3232771-AFD5-4679-BE58-6A1AC46FEC85}.Release|Any CPU.Build.0 = Release|Any CPU
		{4AE39595-79B2-47C1-A459-A6C29ADF80EB}.Debug|Any CPU.ActiveCfg = Debug|Any CPU
		{4AE39595-79B2-47C1-A459-A6C29ADF80EB}.Debug|Any CPU.Build.0 = Debug|Any CPU
		{4AE39595-79B2-47C1-A459-A6C29ADF80EB}.Release|Any CPU.ActiveCfg = Release|Any CPU
		{4AE39595-79B2-47C1-A459-A6C29ADF80EB}.Release|Any CPU.Build.0 = Release|Any CPU
	EndGlobalSection
	GlobalSection(SolutionProperties) = preSolution
		HideSolutionNode = FALSE
	EndGlobalSection
	GlobalSection(ExtensibilityGlobals) = postSolution
		SolutionGuid = {CC299D1F-6C3F-4737-8FE0-BF41AB2A472D}
	EndGlobalSection
EndGlobal
