
Microsoft Visual Studio Solution File, Format Version 12.00
# Visual Studio 15
VisualStudioVersion = 15.0.28010.2050
MinimumVisualStudioVersion = 10.0.40219.1
Project("{FAE04EC0-301F-11D3-BF4B-00C04F79EFBC}") = "01.ClubParty", "01.ClubParty\01.ClubParty.csproj", "{0D10104F-8151-4983-B38E-CD89D61BED7C}"
EndProject
Project("{9A19103F-16F7-4668-BE54-9A1E7A4F7556}") = "Heroes", "03\Heroes.csproj", "{5D85FF88-8703-4D53-B21B-659EB7E49400}"
EndProject
Project("{FAE04EC0-301F-11D3-BF4B-00C04F79EFBC}") = "02.TronRacers", "02.TronRacers\02.TronRacers.csproj", "{AD7D15A5-D1C2-484B-BC99-FCF715D364C9}"
EndProject
Global
	GlobalSection(SolutionConfigurationPlatforms) = preSolution
		Debug|Any CPU = Debug|Any CPU
		Release|Any CPU = Release|Any CPU
	EndGlobalSection
	GlobalSection(ProjectConfigurationPlatforms) = postSolution
		{0D10104F-8151-4983-B38E-CD89D61BED7C}.Debug|Any CPU.ActiveCfg = Debug|Any CPU
		{0D10104F-8151-4983-B38E-CD89D61BED7C}.Debug|Any CPU.Build.0 = Debug|Any CPU
		{0D10104F-8151-4983-B38E-CD89D61BED7C}.Release|Any CPU.ActiveCfg = Release|Any CPU
		{0D10104F-8151-4983-B38E-CD89D61BED7C}.Release|Any CPU.Build.0 = Release|Any CPU
		{5D85FF88-8703-4D53-B21B-659EB7E49400}.Debug|Any CPU.ActiveCfg = Debug|Any CPU
		{5D85FF88-8703-4D53-B21B-659EB7E49400}.Debug|Any CPU.Build.0 = Debug|Any CPU
		{5D85FF88-8703-4D53-B21B-659EB7E49400}.Release|Any CPU.ActiveCfg = Release|Any CPU
		{5D85FF88-8703-4D53-B21B-659EB7E49400}.Release|Any CPU.Build.0 = Release|Any CPU
		{AD7D15A5-D1C2-484B-BC99-FCF715D364C9}.Debug|Any CPU.ActiveCfg = Debug|Any CPU
		{AD7D15A5-D1C2-484B-BC99-FCF715D364C9}.Debug|Any CPU.Build.0 = Debug|Any CPU
		{AD7D15A5-D1C2-484B-BC99-FCF715D364C9}.Release|Any CPU.ActiveCfg = Release|Any CPU
		{AD7D15A5-D1C2-484B-BC99-FCF715D364C9}.Release|Any CPU.Build.0 = Release|Any CPU
	EndGlobalSection
	GlobalSection(SolutionProperties) = preSolution
		HideSolutionNode = FALSE
	EndGlobalSection
	GlobalSection(ExtensibilityGlobals) = postSolution
		SolutionGuid = {03572958-FEFD-44AD-89E4-C754A6CCEA95}
	EndGlobalSection
EndGlobal
