
Microsoft Visual Studio Solution File, Format Version 12.00
# Visual Studio 15
VisualStudioVersion = 15.0.28010.2050
MinimumVisualStudioVersion = 10.0.40219.1
Project("{FAE04EC0-301F-11D3-BF4B-00C04F79EFBC}") = "p_03", "p_03\p_03.csproj", "{2D90CACD-F5DF-4B24-BA80-642D3B5D6F89}"
EndProject
Project("{FAE04EC0-301F-11D3-BF4B-00C04F79EFBC}") = "p_04", "p_04\p_04.csproj", "{7FD71BE5-88D7-4670-904A-C23D62CE243A}"
EndProject
Global
	GlobalSection(SolutionConfigurationPlatforms) = preSolution
		Debug|Any CPU = Debug|Any CPU
		Release|Any CPU = Release|Any CPU
	EndGlobalSection
	GlobalSection(ProjectConfigurationPlatforms) = postSolution
		{2D90CACD-F5DF-4B24-BA80-642D3B5D6F89}.Debug|Any CPU.ActiveCfg = Debug|Any CPU
		{2D90CACD-F5DF-4B24-BA80-642D3B5D6F89}.Debug|Any CPU.Build.0 = Debug|Any CPU
		{2D90CACD-F5DF-4B24-BA80-642D3B5D6F89}.Release|Any CPU.ActiveCfg = Release|Any CPU
		{2D90CACD-F5DF-4B24-BA80-642D3B5D6F89}.Release|Any CPU.Build.0 = Release|Any CPU
		{7FD71BE5-88D7-4670-904A-C23D62CE243A}.Debug|Any CPU.ActiveCfg = Debug|Any CPU
		{7FD71BE5-88D7-4670-904A-C23D62CE243A}.Debug|Any CPU.Build.0 = Debug|Any CPU
		{7FD71BE5-88D7-4670-904A-C23D62CE243A}.Release|Any CPU.ActiveCfg = Release|Any CPU
		{7FD71BE5-88D7-4670-904A-C23D62CE243A}.Release|Any CPU.Build.0 = Release|Any CPU
	EndGlobalSection
	GlobalSection(SolutionProperties) = preSolution
		HideSolutionNode = FALSE
	EndGlobalSection
	GlobalSection(ExtensibilityGlobals) = postSolution
		SolutionGuid = {7319336A-B65A-414E-9CDB-528E70CC4FA9}
	EndGlobalSection
EndGlobal
