
Microsoft Visual Studio Solution File, Format Version 12.00
# Visual Studio Version 16
VisualStudioVersion = 16.0.30907.101
MinimumVisualStudioVersion = 10.0.40219.1
Project("{FAE04EC0-301F-11D3-BF4B-00C04F79EFBC}") = "RealEstates.Data", "RealEstates.Data\RealEstates.Data.csproj", "{50B55075-C4CF-4056-B53D-87EEC5768411}"
EndProject
Project("{FAE04EC0-301F-11D3-BF4B-00C04F79EFBC}") = "RealEstates.Models", "RealEstates.Models\RealEstates.Models.csproj", "{28BAA44A-279D-46CB-B802-35C4556B15E5}"
EndProject
Project("{FAE04EC0-301F-11D3-BF4B-00C04F79EFBC}") = "RealEstates.Services", "RealEstates.Services\RealEstates.Services.csproj", "{A17435B6-94AF-4F5B-90F2-379671EDBECE}"
EndProject
Project("{FAE04EC0-301F-11D3-BF4B-00C04F79EFBC}") = "RealEstates.Importer", "RealEstates.Importer\RealEstates.Importer.csproj", "{08ACF3F9-3229-4E54-B530-BA1707B58A82}"
EndProject
Project("{FAE04EC0-301F-11D3-BF4B-00C04F79EFBC}") = "RealEstates.ConsoleApplication", "RealEstates.ConsoleApplication\RealEstates.ConsoleApplication.csproj", "{FA1A05A7-E3FD-45DF-BBD4-FE03EC9A9E20}"
EndProject
Global
	GlobalSection(SolutionConfigurationPlatforms) = preSolution
		Debug|Any CPU = Debug|Any CPU
		Release|Any CPU = Release|Any CPU
	EndGlobalSection
	GlobalSection(ProjectConfigurationPlatforms) = postSolution
		{50B55075-C4CF-4056-B53D-87EEC5768411}.Debug|Any CPU.ActiveCfg = Debug|Any CPU
		{50B55075-C4CF-4056-B53D-87EEC5768411}.Debug|Any CPU.Build.0 = Debug|Any CPU
		{50B55075-C4CF-4056-B53D-87EEC5768411}.Release|Any CPU.ActiveCfg = Release|Any CPU
		{50B55075-C4CF-4056-B53D-87EEC5768411}.Release|Any CPU.Build.0 = Release|Any CPU
		{28BAA44A-279D-46CB-B802-35C4556B15E5}.Debug|Any CPU.ActiveCfg = Debug|Any CPU
		{28BAA44A-279D-46CB-B802-35C4556B15E5}.Debug|Any CPU.Build.0 = Debug|Any CPU
		{28BAA44A-279D-46CB-B802-35C4556B15E5}.Release|Any CPU.ActiveCfg = Release|Any CPU
		{28BAA44A-279D-46CB-B802-35C4556B15E5}.Release|Any CPU.Build.0 = Release|Any CPU
		{A17435B6-94AF-4F5B-90F2-379671EDBECE}.Debug|Any CPU.ActiveCfg = Debug|Any CPU
		{A17435B6-94AF-4F5B-90F2-379671EDBECE}.Debug|Any CPU.Build.0 = Debug|Any CPU
		{A17435B6-94AF-4F5B-90F2-379671EDBECE}.Release|Any CPU.ActiveCfg = Release|Any CPU
		{A17435B6-94AF-4F5B-90F2-379671EDBECE}.Release|Any CPU.Build.0 = Release|Any CPU
		{08ACF3F9-3229-4E54-B530-BA1707B58A82}.Debug|Any CPU.ActiveCfg = Debug|Any CPU
		{08ACF3F9-3229-4E54-B530-BA1707B58A82}.Debug|Any CPU.Build.0 = Debug|Any CPU
		{08ACF3F9-3229-4E54-B530-BA1707B58A82}.Release|Any CPU.ActiveCfg = Release|Any CPU
		{08ACF3F9-3229-4E54-B530-BA1707B58A82}.Release|Any CPU.Build.0 = Release|Any CPU
		{FA1A05A7-E3FD-45DF-BBD4-FE03EC9A9E20}.Debug|Any CPU.ActiveCfg = Debug|Any CPU
		{FA1A05A7-E3FD-45DF-BBD4-FE03EC9A9E20}.Debug|Any CPU.Build.0 = Debug|Any CPU
		{FA1A05A7-E3FD-45DF-BBD4-FE03EC9A9E20}.Release|Any CPU.ActiveCfg = Release|Any CPU
		{FA1A05A7-E3FD-45DF-BBD4-FE03EC9A9E20}.Release|Any CPU.Build.0 = Release|Any CPU
	EndGlobalSection
	GlobalSection(SolutionProperties) = preSolution
		HideSolutionNode = FALSE
	EndGlobalSection
	GlobalSection(ExtensibilityGlobals) = postSolution
		SolutionGuid = {2E4B612F-4357-4844-A4F2-D201A59CBED6}
	EndGlobalSection
EndGlobal
