
Microsoft Visual Studio Solution File, Format Version 12.00
# Visual Studio Version 16
VisualStudioVersion = 16.0.31112.23
MinimumVisualStudioVersion = 10.0.40219.1
Project("{FAE04EC0-301F-11D3-BF4B-00C04F79EFBC}") = "MyDemoServer", "MyDemoServer.csproj", "{EFEBC1F9-613B-4856-B42D-2234A188EF99}"
EndProject
Global
	GlobalSection(SolutionConfigurationPlatforms) = preSolution
		Debug|Any CPU = Debug|Any CPU
		Release|Any CPU = Release|Any CPU
	EndGlobalSection
	GlobalSection(ProjectConfigurationPlatforms) = postSolution
		{EFEBC1F9-613B-4856-B42D-2234A188EF99}.Debug|Any CPU.ActiveCfg = Debug|Any CPU
		{EFEBC1F9-613B-4856-B42D-2234A188EF99}.Debug|Any CPU.Build.0 = Debug|Any CPU
		{EFEBC1F9-613B-4856-B42D-2234A188EF99}.Release|Any CPU.ActiveCfg = Release|Any CPU
		{EFEBC1F9-613B-4856-B42D-2234A188EF99}.Release|Any CPU.Build.0 = Release|Any CPU
	EndGlobalSection
	GlobalSection(SolutionProperties) = preSolution
		HideSolutionNode = FALSE
	EndGlobalSection
	GlobalSection(ExtensibilityGlobals) = postSolution
		SolutionGuid = {D35923CF-5BEA-4960-B75B-E89087E0CF7A}
	EndGlobalSection
EndGlobal
