
Microsoft Visual Studio Solution File, Format Version 12.00
# Visual Studio 15
VisualStudioVersion = 15.0.28010.2019
MinimumVisualStudioVersion = 10.0.40219.1
Project("{FAE04EC0-301F-11D3-BF4B-00C04F79EFBC}") = "p_01", "p_01\p_01.csproj", "{048749CB-1569-4F07-8278-3D0C82491FF7}"
EndProject
Project("{FAE04EC0-301F-11D3-BF4B-00C04F79EFBC}") = "p_02", "p_02\p_02.csproj", "{558E2416-0066-4797-8BB0-67147097C8E9}"
EndProject
Global
	GlobalSection(SolutionConfigurationPlatforms) = preSolution
		Debug|Any CPU = Debug|Any CPU
		Release|Any CPU = Release|Any CPU
	EndGlobalSection
	GlobalSection(ProjectConfigurationPlatforms) = postSolution
		{048749CB-1569-4F07-8278-3D0C82491FF7}.Debug|Any CPU.ActiveCfg = Debug|Any CPU
		{048749CB-1569-4F07-8278-3D0C82491FF7}.Debug|Any CPU.Build.0 = Debug|Any CPU
		{048749CB-1569-4F07-8278-3D0C82491FF7}.Release|Any CPU.ActiveCfg = Release|Any CPU
		{048749CB-1569-4F07-8278-3D0C82491FF7}.Release|Any CPU.Build.0 = Release|Any CPU
		{558E2416-0066-4797-8BB0-67147097C8E9}.Debug|Any CPU.ActiveCfg = Debug|Any CPU
		{558E2416-0066-4797-8BB0-67147097C8E9}.Debug|Any CPU.Build.0 = Debug|Any CPU
		{558E2416-0066-4797-8BB0-67147097C8E9}.Release|Any CPU.ActiveCfg = Release|Any CPU
		{558E2416-0066-4797-8BB0-67147097C8E9}.Release|Any CPU.Build.0 = Release|Any CPU
	EndGlobalSection
	GlobalSection(SolutionProperties) = preSolution
		HideSolutionNode = FALSE
	EndGlobalSection
	GlobalSection(ExtensibilityGlobals) = postSolution
		SolutionGuid = {9FD0A7B4-1497-48CF-B45D-839277E9DBD1}
	EndGlobalSection
EndGlobal
