
Microsoft Visual Studio Solution File, Format Version 12.00
# Visual Studio Version 16
VisualStudioVersion = 16.0.31112.23
MinimumVisualStudioVersion = 10.0.40219.1
Project("{9A19103F-16F7-4668-BE54-9A1E7A4F7556}") = "Asynchronous Code", "Asynchronous Code.csproj", "{D45E48A0-5A5D-4D7A-8DB1-778D370279AC}"
EndProject
Project("{9A19103F-16F7-4668-BE54-9A1E7A4F7556}") = "EvenNumbersThread", "..\EvenNumbersThread\EvenNumbersThread.csproj", "{F80E8FF6-5D15-40CF-8820-875B838ABE18}"
EndProject
Project("{9A19103F-16F7-4668-BE54-9A1E7A4F7556}") = "CreatingTask", "..\CreatingTask\CreatingTask.csproj", "{F68F021B-D959-49D1-B32B-542E09527B3C}"
EndProject
Project("{9A19103F-16F7-4668-BE54-9A1E7A4F7556}") = "GenericTask", "..\GenericTask\GenericTask.csproj", "{98711B3B-488E-4A57-9B7D-B681B0A39EBE}"
EndProject
Project("{FAE04EC0-301F-11D3-BF4B-00C04F79EFBC}") = "WpfApp1", "..\WpfApp1\WpfApp1.csproj", "{4A484393-3E55-4091-82E8-0283B104F07B}"
EndProject
Global
	GlobalSection(SolutionConfigurationPlatforms) = preSolution
		Debug|Any CPU = Debug|Any CPU
		Release|Any CPU = Release|Any CPU
	EndGlobalSection
	GlobalSection(ProjectConfigurationPlatforms) = postSolution
		{D45E48A0-5A5D-4D7A-8DB1-778D370279AC}.Debug|Any CPU.ActiveCfg = Debug|Any CPU
		{D45E48A0-5A5D-4D7A-8DB1-778D370279AC}.Debug|Any CPU.Build.0 = Debug|Any CPU
		{D45E48A0-5A5D-4D7A-8DB1-778D370279AC}.Release|Any CPU.ActiveCfg = Release|Any CPU
		{D45E48A0-5A5D-4D7A-8DB1-778D370279AC}.Release|Any CPU.Build.0 = Release|Any CPU
		{F80E8FF6-5D15-40CF-8820-875B838ABE18}.Debug|Any CPU.ActiveCfg = Debug|Any CPU
		{F80E8FF6-5D15-40CF-8820-875B838ABE18}.Debug|Any CPU.Build.0 = Debug|Any CPU
		{F80E8FF6-5D15-40CF-8820-875B838ABE18}.Release|Any CPU.ActiveCfg = Release|Any CPU
		{F80E8FF6-5D15-40CF-8820-875B838ABE18}.Release|Any CPU.Build.0 = Release|Any CPU
		{F68F021B-D959-49D1-B32B-542E09527B3C}.Debug|Any CPU.ActiveCfg = Debug|Any CPU
		{F68F021B-D959-49D1-B32B-542E09527B3C}.Debug|Any CPU.Build.0 = Debug|Any CPU
		{F68F021B-D959-49D1-B32B-542E09527B3C}.Release|Any CPU.ActiveCfg = Release|Any CPU
		{F68F021B-D959-49D1-B32B-542E09527B3C}.Release|Any CPU.Build.0 = Release|Any CPU
		{98711B3B-488E-4A57-9B7D-B681B0A39EBE}.Debug|Any CPU.ActiveCfg = Debug|Any CPU
		{98711B3B-488E-4A57-9B7D-B681B0A39EBE}.Debug|Any CPU.Build.0 = Debug|Any CPU
		{98711B3B-488E-4A57-9B7D-B681B0A39EBE}.Release|Any CPU.ActiveCfg = Release|Any CPU
		{98711B3B-488E-4A57-9B7D-B681B0A39EBE}.Release|Any CPU.Build.0 = Release|Any CPU
		{4A484393-3E55-4091-82E8-0283B104F07B}.Debug|Any CPU.ActiveCfg = Debug|Any CPU
		{4A484393-3E55-4091-82E8-0283B104F07B}.Debug|Any CPU.Build.0 = Debug|Any CPU
		{4A484393-3E55-4091-82E8-0283B104F07B}.Release|Any CPU.ActiveCfg = Release|Any CPU
		{4A484393-3E55-4091-82E8-0283B104F07B}.Release|Any CPU.Build.0 = Release|Any CPU
	EndGlobalSection
	GlobalSection(SolutionProperties) = preSolution
		HideSolutionNode = FALSE
	EndGlobalSection
	GlobalSection(ExtensibilityGlobals) = postSolution
		SolutionGuid = {680CBEF0-C6F8-493D-92F6-F9EE9B25CBC2}
	EndGlobalSection
EndGlobal
