
Microsoft Visual Studio Solution File, Format Version 12.00
# Visual Studio Version 16
VisualStudioVersion = 16.0.30711.63
MinimumVisualStudioVersion = 10.0.40219.1
Project("{9A19103F-16F7-4668-BE54-9A1E7A4F7556}") = "ProductCatalog", "ProductCatalog\ProductCatalog.csproj", "{9ED407F3-F514-4462-B971-05188D991CCC}"
EndProject
Project("{9A19103F-16F7-4668-BE54-9A1E7A4F7556}") = "ProductCatalog.Core", "ProductCatalog.Core\ProductCatalog.Core.csproj", "{9DB07D1D-3B68-4631-AD51-EFB5FFC8ACCC}"
EndProject
Project("{9A19103F-16F7-4668-BE54-9A1E7A4F7556}") = "ProductCatalog.Infrastucture", "ProductCatalog.Infrastucture\ProductCatalog.Infrastucture.csproj", "{D4F8F9BB-D924-4410-AEA2-92513586675E}"
EndProject
Project("{FAE04EC0-301F-11D3-BF4B-00C04F79EFBC}") = "ProductCatalog.Web", "ProductCatalog.Web\ProductCatalog.Web.csproj", "{3EF0FC9F-2759-4759-9C30-99DCF97BA6D6}"
EndProject
Global
	GlobalSection(SolutionConfigurationPlatforms) = preSolution
		Debug|Any CPU = Debug|Any CPU
		Release|Any CPU = Release|Any CPU
	EndGlobalSection
	GlobalSection(ProjectConfigurationPlatforms) = postSolution
		{9ED407F3-F514-4462-B971-05188D991CCC}.Debug|Any CPU.ActiveCfg = Debug|Any CPU
		{9ED407F3-F514-4462-B971-05188D991CCC}.Debug|Any CPU.Build.0 = Debug|Any CPU
		{9ED407F3-F514-4462-B971-05188D991CCC}.Release|Any CPU.ActiveCfg = Release|Any CPU
		{9ED407F3-F514-4462-B971-05188D991CCC}.Release|Any CPU.Build.0 = Release|Any CPU
		{9DB07D1D-3B68-4631-AD51-EFB5FFC8ACCC}.Debug|Any CPU.ActiveCfg = Debug|Any CPU
		{9DB07D1D-3B68-4631-AD51-EFB5FFC8ACCC}.Debug|Any CPU.Build.0 = Debug|Any CPU
		{9DB07D1D-3B68-4631-AD51-EFB5FFC8ACCC}.Release|Any CPU.ActiveCfg = Release|Any CPU
		{9DB07D1D-3B68-4631-AD51-EFB5FFC8ACCC}.Release|Any CPU.Build.0 = Release|Any CPU
		{D4F8F9BB-D924-4410-AEA2-92513586675E}.Debug|Any CPU.ActiveCfg = Debug|Any CPU
		{D4F8F9BB-D924-4410-AEA2-92513586675E}.Debug|Any CPU.Build.0 = Debug|Any CPU
		{D4F8F9BB-D924-4410-AEA2-92513586675E}.Release|Any CPU.ActiveCfg = Release|Any CPU
		{D4F8F9BB-D924-4410-AEA2-92513586675E}.Release|Any CPU.Build.0 = Release|Any CPU
		{3EF0FC9F-2759-4759-9C30-99DCF97BA6D6}.Debug|Any CPU.ActiveCfg = Debug|Any CPU
		{3EF0FC9F-2759-4759-9C30-99DCF97BA6D6}.Debug|Any CPU.Build.0 = Debug|Any CPU
		{3EF0FC9F-2759-4759-9C30-99DCF97BA6D6}.Release|Any CPU.ActiveCfg = Release|Any CPU
		{3EF0FC9F-2759-4759-9C30-99DCF97BA6D6}.Release|Any CPU.Build.0 = Release|Any CPU
	EndGlobalSection
	GlobalSection(SolutionProperties) = preSolution
		HideSolutionNode = FALSE
	EndGlobalSection
	GlobalSection(ExtensibilityGlobals) = postSolution
		SolutionGuid = {3AA856BD-17D9-4253-9E3E-45F35C6313DA}
	EndGlobalSection
EndGlobal
